<?xml version="1.0" encoding="utf-8"?>
<Project ToolsVersion="4.0" xmlns="http://schemas.microsoft.com/developer/msbuild/2003">
  <ItemGroup>
    <Filter Include="Source Files">
      <UniqueIdentifier>{4FC737F1-C7A5-4376-A066-2A32D752A2FF}</UniqueIdentifier>
      <Extensions>cpp;c;cc;cxx;def;odl;idl;hpj;bat;asm;asmx</Extensions>
    </Filter>
    <Filter Include="Header Files">
      <UniqueIdentifier>{93995380-89BD-4b04-88EB-625FBE52EBFB}</UniqueIdentifier>
      <Extensions>h;hh;hpp;hxx;hm;inl;inc;xsd</Extensions>
    </Filter>
    <Filter Include="Resource Files">
      <UniqueIdentifier>{67DA6AB6-F800-4c08-8B7A-83BB121AAD01}</UniqueIdentifier>
      <Extensions>rc;ico;cur;bmp;dlg;rc2;rct;bin;rgs;gif;jpg;jpeg;jpe;resx;tiff;tif;png;wav;mfcribbon-ms</Extensions>
    </Filter>
  </ItemGroup>
  <ItemGroup>
    <ClInclude Include="include\RAIIGen\Capture.hpp">
      <Filter>Header Files</Filter>
    </ClInclude>
    <ClInclude Include="include\RAIIGen\FunctionRecord.hpp">
      <Filter>Header Files</Filter>
    </ClInclude>
    <ClInclude Include="include\RAIIGen\Generator\FunctionNamePair.hpp">
      <Filter>Header Files</Filter>
    </ClInclude>
    <ClInclude Include="include\RAIIGen\Generator\Generator.hpp">
      <Filter>Header Files</Filter>
    </ClInclude>
    <ClInclude Include="include\RAIIGen\Generator\MatchedFunctionPair.hpp">
      <Filter>Header Files</Filter>
    </ClInclude>
    <ClInclude Include="include\RAIIGen\Generator\MatchType.hpp">
      <Filter>Header Files</Filter>
    </ClInclude>
    <ClInclude Include="include\RAIIGen\Generator\VulkanGenerator.hpp">
      <Filter>Header Files</Filter>
    </ClInclude>
    <ClInclude Include="include\RAIIGen\ParameterRecord.hpp">
      <Filter>Header Files</Filter>
    </ClInclude>
    <ClInclude Include="include\RAIIGen\TypeRecord.hpp">
      <Filter>Header Files</Filter>
    </ClInclude>
    <ClInclude Include="include\FslBase\Bits\BitsUtil.hpp">
      <Filter>Header Files</Filter>
    </ClInclude>
    <ClInclude Include="include\FslBase\Bits\ByteArrayUtil.hpp">
      <Filter>Header Files</Filter>
    </ClInclude>
    <ClInclude Include="include\FslBase\Collections\Concurrent\ConcurrentQueue.hpp">
      <Filter>Header Files</Filter>
    </ClInclude>
    <ClInclude Include="include\FslBase\Collections\Concurrent\ConcurrentQueue_fwd.hpp">
      <Filter>Header Files</Filter>
    </ClInclude>
    <ClInclude Include="include\FslBase\Compression\ValueCompression.hpp">
      <Filter>Header Files</Filter>
    </ClInclude>
    <ClInclude Include="include\FslBase\IO\Directory.hpp">
      <Filter>Header Files</Filter>
    </ClInclude>
    <ClInclude Include="include\FslBase\IO\File.hpp">
      <Filter>Header Files</Filter>
    </ClInclude>
    <ClInclude Include="include\FslBase\IO\FileAttributes.hpp">
      <Filter>Header Files</Filter>
    </ClInclude>
    <ClInclude Include="include\FslBase\IO\Path.hpp">
      <Filter>Header Files</Filter>
    </ClInclude>
    <ClInclude Include="include\FslBase\IO\PathDeque.hpp">
      <Filter>Header Files</Filter>
    </ClInclude>
    <ClInclude Include="include\FslBase\IO\PathWatcher.hpp">
      <Filter>Header Files</Filter>
    </ClInclude>
    <ClInclude Include="include\FslBase\IO\SearchOptions.hpp">
      <Filter>Header Files</Filter>
    </ClInclude>
    <ClInclude Include="include\FslBase\Log\Log.hpp">
      <Filter>Header Files</Filter>
    </ClInclude>
    <ClInclude Include="include\FslBase\Log\Logger.hpp">
      <Filter>Header Files</Filter>
    </ClInclude>
    <ClInclude Include="include\FslBase\Log\LogLocation.hpp">
      <Filter>Header Files</Filter>
    </ClInclude>
    <ClInclude Include="include\FslBase\Math\BoundingBox.hpp">
      <Filter>Header Files</Filter>
    </ClInclude>
    <ClInclude Include="include\FslBase\Math\BoundingFrustum.hpp">
      <Filter>Header Files</Filter>
    </ClInclude>
    <ClInclude Include="include\FslBase\Math\BoundingSphere.hpp">
      <Filter>Header Files</Filter>
    </ClInclude>
    <ClInclude Include="include\FslBase\Math\BoxF.hpp">
      <Filter>Header Files</Filter>
    </ClInclude>
    <ClInclude Include="include\FslBase\Math\ContainmentType.hpp">
      <Filter>Header Files</Filter>
    </ClInclude>
    <ClInclude Include="include\FslBase\Math\EqualHelper.hpp">
      <Filter>Header Files</Filter>
    </ClInclude>
    <ClInclude Include="include\FslBase\Math\MathHelper.hpp">
      <Filter>Header Files</Filter>
    </ClInclude>
    <ClInclude Include="include\FslBase\Math\Matrix.hpp">
      <Filter>Header Files</Filter>
    </ClInclude>
    <ClInclude Include="include\FslBase\Math\Matrix3.hpp">
      <Filter>Header Files</Filter>
    </ClInclude>
    <ClInclude Include="include\FslBase\Math\MatrixConverter.hpp">
      <Filter>Header Files</Filter>
    </ClInclude>
    <ClInclude Include="include\FslBase\Math\NineSlice.hpp">
      <Filter>Header Files</Filter>
    </ClInclude>
    <ClInclude Include="include\FslBase\Math\Plane.hpp">
      <Filter>Header Files</Filter>
    </ClInclude>
    <ClInclude Include="include\FslBase\Math\PlaneHelper.hpp">
      <Filter>Header Files</Filter>
    </ClInclude>
    <ClInclude Include="include\FslBase\Math\PlaneIntersectionType.hpp">
      <Filter>Header Files</Filter>
    </ClInclude>
    <ClInclude Include="include\FslBase\Math\Point2.hpp">
      <Filter>Header Files</Filter>
    </ClInclude>
    <ClInclude Include="include\FslBase\Math\Quaternion.hpp">
      <Filter>Header Files</Filter>
    </ClInclude>
    <ClInclude Include="include\FslBase\Math\Ray.hpp">
      <Filter>Header Files</Filter>
    </ClInclude>
    <ClInclude Include="include\FslBase\Math\Rect.hpp">
      <Filter>Header Files</Filter>
    </ClInclude>
    <ClInclude Include="include\FslBase\Math\Rectangle.hpp">
      <Filter>Header Files</Filter>
    </ClInclude>
    <ClInclude Include="include\FslBase\Math\Rectangle9.hpp">
      <Filter>Header Files</Filter>
    </ClInclude>
    <ClInclude Include="include\FslBase\Math\RectangleSizeRestrictionFlag.hpp">
      <Filter>Header Files</Filter>
    </ClInclude>
    <ClInclude Include="include\FslBase\Math\Thickness.hpp">
      <Filter>Header Files</Filter>
    </ClInclude>
    <ClInclude Include="include\FslBase\Math\ThicknessF.hpp">
      <Filter>Header Files</Filter>
    </ClInclude>
    <ClInclude Include="include\FslBase\Math\Vector2.hpp">
      <Filter>Header Files</Filter>
    </ClInclude>
    <ClInclude Include="include\FslBase\Math\Vector3.hpp">
      <Filter>Header Files</Filter>
    </ClInclude>
    <ClInclude Include="include\FslBase\Math\Vector4.hpp">
      <Filter>Header Files</Filter>
    </ClInclude>
    <ClInclude Include="include\FslBase\Math\VectorHelper.hpp">
      <Filter>Header Files</Filter>
    </ClInclude>
    <ClInclude Include="include\FslBase\RTTI\TypeInfo.hpp">
      <Filter>Header Files</Filter>
    </ClInclude>
    <ClInclude Include="include\FslBase\String\StringParseArrayResult.hpp">
      <Filter>Header Files</Filter>
    </ClInclude>
    <ClInclude Include="include\FslBase\String\StringParseUtil.hpp">
      <Filter>Header Files</Filter>
    </ClInclude>
    <ClInclude Include="include\FslBase\String\StringUtil.hpp">
      <Filter>Header Files</Filter>
    </ClInclude>
    <ClInclude Include="include\FslBase\String\UTF8String.hpp">
      <Filter>Header Files</Filter>
    </ClInclude>
    <ClInclude Include="include\FslBase\System\Platform\All\ScopedSystemMemoryAccessDummy.hpp">
      <Filter>Header Files</Filter>
    </ClInclude>
    <ClInclude Include="include\FslBase\System\Platform\Linux\ScopedSystemMemoryAccessLinux.hpp">
      <Filter>Header Files</Filter>
    </ClInclude>
    <ClInclude Include="include\FslBase\System\Platform\QNX\ScopedSystemMemoryAccessQNX.hpp">
      <Filter>Header Files</Filter>
    </ClInclude>
    <ClInclude Include="include\FslBase\System\Platform\PlatformFileSystem.hpp">
      <Filter>Header Files</Filter>
    </ClInclude>
    <ClInclude Include="include\FslBase\System\Platform\PlatformThread.hpp">
      <Filter>Header Files</Filter>
    </ClInclude>
    <ClInclude Include="include\FslBase\System\Platform\PlatformWin32.hpp">
      <Filter>Header Files</Filter>
    </ClInclude>
    <ClInclude Include="include\FslBase\System\Platform\ScopedSystemMemoryAccess.hpp">
      <Filter>Header Files</Filter>
    </ClInclude>
    <ClInclude Include="include\FslBase\System\Platform\SystemMemoryAccess.hpp">
      <Filter>Header Files</Filter>
    </ClInclude>
    <ClInclude Include="include\FslBase\System\Threading\Thread.hpp">
      <Filter>Header Files</Filter>
    </ClInclude>
    <ClInclude Include="include\FslBase\System\HighResolutionTimer.hpp">
      <Filter>Header Files</Filter>
    </ClInclude>
    <ClInclude Include="include\FslBase\System\IThreadContext.hpp">
      <Filter>Header Files</Filter>
    </ClInclude>
    <ClInclude Include="include\FslBase\Transition\TransitionCache.hpp">
      <Filter>Header Files</Filter>
    </ClInclude>
    <ClInclude Include="include\FslBase\Transition\TransitionConfig.hpp">
      <Filter>Header Files</Filter>
    </ClInclude>
    <ClInclude Include="include\FslBase\Transition\TransitionState.hpp">
      <Filter>Header Files</Filter>
    </ClInclude>
    <ClInclude Include="include\FslBase\Transition\TransitionTimeSpan.hpp">
      <Filter>Header Files</Filter>
    </ClInclude>
    <ClInclude Include="include\FslBase\Transition\TransitionTimeSpanHelper.hpp">
      <Filter>Header Files</Filter>
    </ClInclude>
    <ClInclude Include="include\FslBase\Transition\TransitionTimeUnit.hpp">
      <Filter>Header Files</Filter>
    </ClInclude>
    <ClInclude Include="include\FslBase\Transition\TransitionType.hpp">
      <Filter>Header Files</Filter>
    </ClInclude>
    <ClInclude Include="include\FslBase\Transition\TransitionValue.hpp">
      <Filter>Header Files</Filter>
    </ClInclude>
    <ClInclude Include="include\FslBase\Transition\TransitionVector2.hpp">
      <Filter>Header Files</Filter>
    </ClInclude>
    <ClInclude Include="include\FslBase\BasicTypes.hpp">
      <Filter>Header Files</Filter>
    </ClInclude>
    <ClInclude Include="include\FslBase\Exceptions.hpp">
      <Filter>Header Files</Filter>
    </ClInclude>
    <ClInclude Include="include\FslBase\ITag.hpp">
      <Filter>Header Files</Filter>
    </ClInclude>
    <ClInclude Include="include\FslBase\Noncopyable.hpp">
      <Filter>Header Files</Filter>
    </ClInclude>
    <ClInclude Include="include\FslBase\OptimizationFlag.hpp">
      <Filter>Header Files</Filter>
    </ClInclude>
    <ClInclude Include="source\FslBase\Math\Matrix3Fields.hpp">
      <Filter>Header Files</Filter>
    </ClInclude>
    <ClInclude Include="source\FslBase\Math\MatrixFields.hpp">
      <Filter>Header Files</Filter>
    </ClInclude>
    <ClInclude Include="source\FslBase\Math\MatrixInternals.hpp">
      <Filter>Header Files</Filter>
    </ClInclude>
    <ClInclude Include="source\FslBase\System\Platform\Platform.hpp">
      <Filter>Header Files</Filter>
    </ClInclude>
    <ClInclude Include="include\RAIIGen\Generator\Simple\SimpleGenerator.hpp">
      <Filter>Header Files</Filter>
    </ClInclude>
    <ClInclude Include="include\RAIIGen\Generator\GeneratorConfig.hpp">
      <Filter>Header Files</Filter>
    </ClInclude>
    <ClInclude Include="include\RAIIGen\Generator\Simple\SimpleGeneratorConfig.hpp">
      <Filter>Header Files</Filter>
    </ClInclude>
    <ClInclude Include="include\RAIIGen\Generator\OpenCLGenerator.hpp">
      <Filter>Header Files</Filter>
    </ClInclude>
    <ClInclude Include="include\RAIIGen\CaseUtil.hpp">
      <Filter>Header Files</Filter>
    </ClInclude>
    <ClInclude Include="include\RAIIGen\CaptureConfig.hpp">
      <Filter>Header Files</Filter>
    </ClInclude>
    <ClInclude Include="include\RAIIGen\ParameterType.hpp">
      <Filter>Header Files</Filter>
    </ClInclude>
    <ClInclude Include="include\RAIIGen\StringHelper.hpp">
      <Filter>Header Files</Filter>
    </ClInclude>
    <ClInclude Include="include\RAIIGen\DuplicatedParameterName.hpp">
      <Filter>Header Files</Filter>
    </ClInclude>
    <ClInclude Include="include\RAIIGen\FunctionErrors.hpp">
      <Filter>Header Files</Filter>
    </ClInclude>
    <ClInclude Include="include\RAIIGen\FunctionParameterNameOverride.hpp">
      <Filter>Header Files</Filter>
    </ClInclude>
    <ClInclude Include="include\RAIIGen\Generator\OpenVXGenerator.hpp">
      <Filter>Header Files</Filter>
    </ClInclude>
    <ClInclude Include="include\RAIIGen\Generator\FunctionAnalysis.hpp">
      <Filter>Header Files</Filter>
    </ClInclude>
    <ClInclude Include="include\RAIIGen\Generator\ClassFunctionAbsorb.hpp">
      <Filter>Header Files</Filter>
    </ClInclude>
    <ClInclude Include="include\RAIIGen\Generator\BasicConfig.hpp">
      <Filter>Header Files</Filter>
    </ClInclude>
    <ClInclude Include="include\RAIIGen\FunctionParameterTypeOverride.hpp">
      <Filter>Header Files</Filter>
    </ClInclude>
    <ClInclude Include="include\RAIIGen\ProgramInfo.hpp">
      <Filter>Header Files</Filter>
    </ClInclude>
    <ClInclude Include="include\RAIIGen\Generator\OpenGLESGenerator.hpp">
      <Filter>Header Files</Filter>
    </ClInclude>
    <ClInclude Include="include\RAIIGen\ClangInfoDump.hpp">
      <Filter>Header Files</Filter>
    </ClInclude>
    <ClInclude Include="include\RAIIGen\ClangUtil.hpp">
      <Filter>Header Files</Filter>
    </ClInclude>
    <ClInclude Include="include\RAIIGen\MemberRecord.hpp">
      <Filter>Header Files</Filter>
    </ClInclude>
    <ClInclude Include="include\RAIIGen\StructRecord.hpp">
      <Filter>Header Files</Filter>
    </ClInclude>
    <ClInclude Include="include\RAIIGen\EnumMemberRecord.hpp">
      <Filter>Header Files</Filter>
    </ClInclude>
    <ClInclude Include="include\RAIIGen\EnumRecord.hpp">
      <Filter>Header Files</Filter>
    </ClInclude>
    <ClInclude Include="include\RAIIGen\Generator\RAIIClassCustomization.hpp">
      <Filter>Header Files</Filter>
    </ClInclude>
    <ClInclude Include="include\RAIIGen\Generator\Simple\Snippets.hpp">
      <Filter>Header Files</Filter>
    </ClInclude>
    <ClInclude Include="include\RAIIGen\Generator\Simple\AnalyzeMode.hpp">
      <Filter>Header Files</Filter>
    </ClInclude>
    <ClInclude Include="include\RAIIGen\Generator\Simple\GenerateMethodCode.hpp">
      <Filter>Header Files</Filter>
    </ClInclude>
    <ClInclude Include="include\RAIIGen\Generator\Simple\MemberVariable.hpp">
      <Filter>Header Files</Filter>
    </ClInclude>
    <ClInclude Include="include\RAIIGen\Generator\Simple\MethodArgument.hpp">
      <Filter>Header Files</Filter>
    </ClInclude>
    <ClInclude Include="include\RAIIGen\Generator\Simple\UnrollMode.hpp">
      <Filter>Header Files</Filter>
    </ClInclude>
    <ClInclude Include="include\RAIIGen\Generator\Simple\UnrolledStructMember.hpp">
      <Filter>Header Files</Filter>
    </ClInclude>
    <ClInclude Include="include\RAIIGen\Generator\Simple\UnrolledStruct.hpp">
      <Filter>Header Files</Filter>
    </ClInclude>
    <ClInclude Include="include\RAIIGen\Generator\Simple\UnrolledCreateMethod.hpp">
      <Filter>Header Files</Filter>
    </ClInclude>
    <ClInclude Include="include\RAIIGen\Generator\Simple\AnalysisResult.hpp">
      <Filter>Header Files</Filter>
    </ClInclude>
    <ClInclude Include="include\RAIIGen\Generator\Simple\FullAnalysis.hpp">
      <Filter>Header Files</Filter>
    </ClInclude>
    <ClInclude Include="include\RAIIGen\Generator\Simple\ParamInStruct.hpp">
      <Filter>Header Files</Filter>
    </ClInclude>
  </ItemGroup>
  <ItemGroup>
    <ClCompile Include="source\RAIIGen\Capture.cpp">
      <Filter>Source Files</Filter>
    </ClCompile>
    <ClCompile Include="source\RAIIGen\Generator\Generator.cpp">
      <Filter>Source Files</Filter>
    </ClCompile>
    <ClCompile Include="source\RAIIGen\Generator\VulkanGenerator.cpp">
      <Filter>Source Files</Filter>
    </ClCompile>
    <ClCompile Include="source\RAIIGen\Main.cpp">
      <Filter>Source Files</Filter>
    </ClCompile>
    <ClCompile Include="source\FslBase\Bits\ByteArrayUtil.cpp">
      <Filter>Source Files</Filter>
    </ClCompile>
    <ClCompile Include="source\FslBase\Compression\ValueCompression.cpp">
      <Filter>Source Files</Filter>
    </ClCompile>
    <ClCompile Include="source\FslBase\IO\Directory.cpp">
      <Filter>Source Files</Filter>
    </ClCompile>
    <ClCompile Include="source\FslBase\IO\File.cpp">
      <Filter>Source Files</Filter>
    </ClCompile>
    <ClCompile Include="source\FslBase\IO\Path.cpp">
      <Filter>Source Files</Filter>
    </ClCompile>
    <ClCompile Include="source\FslBase\IO\PathWatcher.cpp">
      <Filter>Source Files</Filter>
    </ClCompile>
    <ClCompile Include="source\FslBase\Log\Logger.cpp">
      <Filter>Source Files</Filter>
    </ClCompile>
    <ClCompile Include="source\FslBase\Log\LogLocation.cpp">
      <Filter>Source Files</Filter>
    </ClCompile>
    <ClCompile Include="source\FslBase\Math\BoundingBox.cpp">
      <Filter>Source Files</Filter>
    </ClCompile>
    <ClCompile Include="source\FslBase\Math\BoundingFrustum.cpp">
      <Filter>Source Files</Filter>
    </ClCompile>
    <ClCompile Include="source\FslBase\Math\BoundingSphere.cpp">
      <Filter>Source Files</Filter>
    </ClCompile>
    <ClCompile Include="source\FslBase\Math\BoxF.cpp">
      <Filter>Source Files</Filter>
    </ClCompile>
    <ClCompile Include="source\FslBase\Math\MathHelper.cpp">
      <Filter>Source Files</Filter>
    </ClCompile>
    <ClCompile Include="source\FslBase\Math\Matrix.cpp">
      <Filter>Source Files</Filter>
    </ClCompile>
    <ClCompile Include="source\FslBase\Math\Matrix3.cpp">
      <Filter>Source Files</Filter>
    </ClCompile>
    <ClCompile Include="source\FslBase\Math\NineSlice.cpp">
      <Filter>Source Files</Filter>
    </ClCompile>
    <ClCompile Include="source\FslBase\Math\Plane.cpp">
      <Filter>Source Files</Filter>
    </ClCompile>
    <ClCompile Include="source\FslBase\Math\PlaneHelper.cpp">
      <Filter>Source Files</Filter>
    </ClCompile>
    <ClCompile Include="source\FslBase\Math\Quaternion.cpp">
      <Filter>Source Files</Filter>
    </ClCompile>
    <ClCompile Include="source\FslBase\Math\Ray.cpp">
      <Filter>Source Files</Filter>
    </ClCompile>
    <ClCompile Include="source\FslBase\Math\Rect.cpp">
      <Filter>Source Files</Filter>
    </ClCompile>
    <ClCompile Include="source\FslBase\Math\Rectangle.cpp">
      <Filter>Source Files</Filter>
    </ClCompile>
    <ClCompile Include="source\FslBase\Math\Rectangle9.cpp">
      <Filter>Source Files</Filter>
    </ClCompile>
    <ClCompile Include="source\FslBase\Math\Vector2.cpp">
      <Filter>Source Files</Filter>
    </ClCompile>
    <ClCompile Include="source\FslBase\Math\Vector3.cpp">
      <Filter>Source Files</Filter>
    </ClCompile>
    <ClCompile Include="source\FslBase\Math\Vector4.cpp">
      <Filter>Source Files</Filter>
    </ClCompile>
    <ClCompile Include="source\FslBase\RTTI\TypeInfo.cpp">
      <Filter>Source Files</Filter>
    </ClCompile>
    <ClCompile Include="source\FslBase\String\StringParseUtil.cpp">
      <Filter>Source Files</Filter>
    </ClCompile>
    <ClCompile Include="source\FslBase\String\StringUtil.cpp">
      <Filter>Source Files</Filter>
    </ClCompile>
    <ClCompile Include="source\FslBase\String\UTF8String.cpp">
      <Filter>Source Files</Filter>
    </ClCompile>
    <ClCompile Include="source\FslBase\System\Platform\All\ScopedSystemMemoryAccessDummy.cpp">
      <Filter>Source Files</Filter>
    </ClCompile>
    <ClCompile Include="source\FslBase\System\Platform\Linux\PlatformFileSystemLinux.cpp">
      <Filter>Source Files</Filter>
    </ClCompile>
    <ClCompile Include="source\FslBase\System\Platform\Linux\ScopedSystemMemoryAccessLinux.cpp">
      <Filter>Source Files</Filter>
    </ClCompile>
    <ClCompile Include="source\FslBase\System\Platform\pthread\PlatformThreadPThread.cpp">
      <Filter>Source Files</Filter>
    </ClCompile>
    <ClCompile Include="source\FslBase\System\Platform\QNX\PlatformFileSystemQNX.cpp">
      <Filter>Source Files</Filter>
    </ClCompile>
    <ClCompile Include="source\FslBase\System\Platform\QNX\ScopedSystemMemoryAccessQNX.cpp">
      <Filter>Source Files</Filter>
    </ClCompile>
    <ClCompile Include="source\FslBase\System\Platform\Win32\PlatformFileSystemWin32.cpp">
      <Filter>Source Files</Filter>
    </ClCompile>
    <ClCompile Include="source\FslBase\System\Platform\Win32\PlatformThreadWin32.cpp">
      <Filter>Source Files</Filter>
    </ClCompile>
    <ClCompile Include="source\FslBase\System\Platform\PlatformLinux.cpp">
      <Filter>Source Files</Filter>
    </ClCompile>
    <ClCompile Include="source\FslBase\System\Platform\PlatformQNX.cpp">
      <Filter>Source Files</Filter>
    </ClCompile>
    <ClCompile Include="source\FslBase\System\Platform\PlatformWin32.cpp">
      <Filter>Source Files</Filter>
    </ClCompile>
    <ClCompile Include="source\FslBase\System\Platform\SystemMemoryAccess.cpp">
      <Filter>Source Files</Filter>
    </ClCompile>
    <ClCompile Include="source\FslBase\System\Threading\Thread.cpp">
      <Filter>Source Files</Filter>
    </ClCompile>
    <ClCompile Include="source\FslBase\System\HighResolutionTimer.cpp">
      <Filter>Source Files</Filter>
    </ClCompile>
    <ClCompile Include="source\FslBase\Transition\TransitionCache.cpp">
      <Filter>Source Files</Filter>
    </ClCompile>
    <ClCompile Include="source\FslBase\Transition\TransitionTimeSpan.cpp">
      <Filter>Source Files</Filter>
    </ClCompile>
    <ClCompile Include="source\FslBase\Transition\TransitionTimeSpanHelper.cpp">
      <Filter>Source Files</Filter>
    </ClCompile>
    <ClCompile Include="source\FslBase\Transition\TransitionValue.cpp">
      <Filter>Source Files</Filter>
    </ClCompile>
    <ClCompile Include="source\FslBase\Transition\TransitionVector2.cpp">
      <Filter>Source Files</Filter>
    </ClCompile>
    <ClCompile Include="source\RAIIGen\Generator\Simple\SimpleGenerator.cpp">
      <Filter>Source Files</Filter>
    </ClCompile>
    <ClCompile Include="source\RAIIGen\Generator\OpenCLGenerator.cpp">
      <Filter>Source Files</Filter>
    </ClCompile>
    <ClCompile Include="source\RAIIGen\CaseUtil.cpp">
      <Filter>Source Files</Filter>
    </ClCompile>
    <ClCompile Include="source\RAIIGen\StringHelper.cpp">
      <Filter>Source Files</Filter>
    </ClCompile>
    <ClCompile Include="source\RAIIGen\Generator\OpenVXGenerator.cpp">
      <Filter>Source Files</Filter>
    </ClCompile>
    <ClCompile Include="source\RAIIGen\Generator\OpenGLESGenerator.cpp">
      <Filter>Source Files</Filter>
    </ClCompile>
    <ClCompile Include="source\RAIIGen\ClangInfoDump.cpp">
      <Filter>Source Files</Filter>
    </ClCompile>
  </ItemGroup>
</Project>