<?xml version="1.0" encoding="utf-8"?>
<Project ToolsVersion="4.0" xmlns="http://schemas.microsoft.com/developer/msbuild/2003">
  <ItemGroup>
    <Filter Include="Source Files">
      <UniqueIdentifier>{4FC737F1-C7A5-4376-A066-2A32D752A2FF}</UniqueIdentifier>
      <Extensions>cpp;c;cc;cxx;def;odl;idl;hpj;bat;asm;asmx</Extensions>
    </Filter>
    <Filter Include="Header Files">
      <UniqueIdentifier>{93995380-89BD-4b04-88EB-625FBE52EBFB}</UniqueIdentifier>
      <Extensions>h;hh;hpp;hxx;hm;inl;inc;xsd</Extensions>
    </Filter>
    <Filter Include="Resource Files">
      <UniqueIdentifier>{67DA6AB6-F800-4c08-8B7A-83BB121AAD01}</UniqueIdentifier>
      <Extensions>rc;ico;cur;bmp;dlg;rc2;rct;bin;rgs;gif;jpg;jpeg;jpe;resx;tiff;tif;png;wav;mfcribbon-ms</Extensions>
    </Filter>
  </ItemGroup>
  <ItemGroup>
    <ClInclude Include="include\FslBase\Arguments\ArgumentParser.hpp">
      <Filter>Header Files</Filter>
    </ClInclude>
    <ClInclude Include="include\FslBase\Arguments\ArgumentParserErrorStrings.hpp">
      <Filter>Header Files</Filter>
    </ClInclude>
    <ClInclude Include="include\FslBase\Arguments\Command.hpp">
      <Filter>Header Files</Filter>
    </ClInclude>
    <ClInclude Include="include\FslBase\Arguments\CommandType.hpp">
      <Filter>Header Files</Filter>
    </ClInclude>
    <ClInclude Include="include\FslBase\Arguments\EncodedCommand.hpp">
      <Filter>Header Files</Filter>
    </ClInclude>
    <ClInclude Include="include\FslBase\Arguments\EncodedCommands.hpp">
      <Filter>Header Files</Filter>
    </ClInclude>
    <ClInclude Include="include\FslBase\Arguments\ParseErrorInfo.hpp">
      <Filter>Header Files</Filter>
    </ClInclude>
    <ClInclude Include="include\FslBase\Arguments\ParseResult.hpp">
      <Filter>Header Files</Filter>
    </ClInclude>
    <ClInclude Include="include\FslBase\Attributes.hpp">
      <Filter>Header Files</Filter>
    </ClInclude>
    <ClInclude Include="include\FslBase\BasicTypes.hpp">
      <Filter>Header Files</Filter>
    </ClInclude>
    <ClInclude Include="include\FslBase\Bits\AlignmentUtil.hpp">
      <Filter>Header Files</Filter>
    </ClInclude>
    <ClInclude Include="include\FslBase\Bits\BitsUtil.hpp">
      <Filter>Header Files</Filter>
    </ClInclude>
    <ClInclude Include="include\FslBase\Bits\ByteArrayUtil.hpp">
      <Filter>Header Files</Filter>
    </ClInclude>
    <ClInclude Include="include\FslBase\Bits\ByteSpanUtil_ReadBE.hpp">
      <Filter>Header Files</Filter>
    </ClInclude>
    <ClInclude Include="include\FslBase\Bits\ByteSpanUtil_ReadLE.hpp">
      <Filter>Header Files</Filter>
    </ClInclude>
    <ClInclude Include="include\FslBase\Bits\ByteSpanUtil_WriteBE.hpp">
      <Filter>Header Files</Filter>
    </ClInclude>
    <ClInclude Include="include\FslBase\Bits\ByteSpanUtil_WriteLE.hpp">
      <Filter>Header Files</Filter>
    </ClInclude>
    <ClInclude Include="include\FslBase\BlobRecord.hpp">
      <Filter>Header Files</Filter>
    </ClInclude>
    <ClInclude Include="include\FslBase\Collections\CircularFixedSizeBuffer.hpp">
      <Filter>Header Files</Filter>
    </ClInclude>
    <ClInclude Include="include\FslBase\Collections\Concurrent\ConcurrentBasicVector.hpp">
      <Filter>Header Files</Filter>
    </ClInclude>
    <ClInclude Include="include\FslBase\Collections\Concurrent\ConcurrentBasicVector_fwd.hpp">
      <Filter>Header Files</Filter>
    </ClInclude>
    <ClInclude Include="include\FslBase\Collections\Concurrent\ConcurrentQueue.hpp">
      <Filter>Header Files</Filter>
    </ClInclude>
    <ClInclude Include="include\FslBase\Collections\Concurrent\ConcurrentQueue_fwd.hpp">
      <Filter>Header Files</Filter>
    </ClInclude>
    <ClInclude Include="include\FslBase\Collections\HandleVector.hpp">
      <Filter>Header Files</Filter>
    </ClInclude>
    <ClInclude Include="include\FslBase\Collections\HandleVectorConfig.hpp">
      <Filter>Header Files</Filter>
    </ClInclude>
    <ClInclude Include="include\FslBase\Collections\TightHostedVector.hpp">
      <Filter>Header Files</Filter>
    </ClInclude>
    <ClInclude Include="include\FslBase\Collections\VersionedHandleVector.hpp">
      <Filter>Header Files</Filter>
    </ClInclude>
    <ClInclude Include="include\FslBase\Collections\VersionedHandleVectorConfig.hpp">
      <Filter>Header Files</Filter>
    </ClInclude>
    <ClInclude Include="include\FslBase\Compression\ValueCompression.hpp">
      <Filter>Header Files</Filter>
    </ClInclude>
    <ClInclude Include="include\FslBase\Compression\ValueCompression_Span.hpp">
      <Filter>Header Files</Filter>
    </ClInclude>
    <ClInclude Include="include\FslBase\Debug\Math\DebugContainmentType.hpp">
      <Filter>Header Files</Filter>
    </ClInclude>
    <ClInclude Include="include\FslBase\Debug\Transition\DebugTransitionType.hpp">
      <Filter>Header Files</Filter>
    </ClInclude>
    <ClInclude Include="include\FslBase\ExceptionMessageFormatFunction.hpp">
      <Filter>Header Files</Filter>
    </ClInclude>
    <ClInclude Include="include\FslBase\ExceptionMessageFormatter.hpp">
      <Filter>Header Files</Filter>
    </ClInclude>
    <ClInclude Include="include\FslBase\Exceptions.hpp">
      <Filter>Header Files</Filter>
    </ClInclude>
    <ClInclude Include="include\FslBase\Getopt\IOptionParser.hpp">
      <Filter>Header Files</Filter>
    </ClInclude>
    <ClInclude Include="include\FslBase\Getopt\Option.hpp">
      <Filter>Header Files</Filter>
    </ClInclude>
    <ClInclude Include="include\FslBase\Getopt\OptionArgument.hpp">
      <Filter>Header Files</Filter>
    </ClInclude>
    <ClInclude Include="include\FslBase\Getopt\OptionBaseValues.hpp">
      <Filter>Header Files</Filter>
    </ClInclude>
    <ClInclude Include="include\FslBase\Getopt\OptionGroup.hpp">
      <Filter>Header Files</Filter>
    </ClInclude>
    <ClInclude Include="include\FslBase\Getopt\OptionParser.hpp">
      <Filter>Header Files</Filter>
    </ClInclude>
    <ClInclude Include="include\FslBase\Getopt\OptionParseResult.hpp">
      <Filter>Header Files</Filter>
    </ClInclude>
    <ClInclude Include="include\FslBase\Getopt\OptionType.hpp">
      <Filter>Header Files</Filter>
    </ClInclude>
    <ClInclude Include="include\FslBase\Getopt\Util\OptionArg.hpp">
      <Filter>Header Files</Filter>
    </ClInclude>
    <ClInclude Include="include\FslBase\Getopt\Util\OptionArgUtil.hpp">
      <Filter>Header Files</Filter>
    </ClInclude>
    <ClInclude Include="include\FslBase\IO\Directory.hpp">
      <Filter>Header Files</Filter>
    </ClInclude>
    <ClInclude Include="include\FslBase\IO\File.hpp">
      <Filter>Header Files</Filter>
    </ClInclude>
    <ClInclude Include="include\FslBase\IO\FileAttributes.hpp">
      <Filter>Header Files</Filter>
    </ClInclude>
    <ClInclude Include="include\FslBase\IO\Path.hpp">
      <Filter>Header Files</Filter>
    </ClInclude>
    <ClInclude Include="include\FslBase\IO\PathDeque.hpp">
      <Filter>Header Files</Filter>
    </ClInclude>
    <ClInclude Include="include\FslBase\IO\PathView.hpp">
      <Filter>Header Files</Filter>
    </ClInclude>
    <ClInclude Include="include\FslBase\IO\PathViewHelper.hpp">
      <Filter>Header Files</Filter>
    </ClInclude>
    <ClInclude Include="include\FslBase\IO\PathWatcher.hpp">
      <Filter>Header Files</Filter>
    </ClInclude>
    <ClInclude Include="include\FslBase\IO\ScopedStreamState.hpp">
      <Filter>Header Files</Filter>
    </ClInclude>
    <ClInclude Include="include\FslBase\IO\SearchOptions.hpp">
      <Filter>Header Files</Filter>
    </ClInclude>
    <ClInclude Include="include\FslBase\ITag.hpp">
      <Filter>Header Files</Filter>
    </ClInclude>
    <ClInclude Include="include\FslBase\Iterator\PointerConstIterator.hpp">
      <Filter>Header Files</Filter>
    </ClInclude>
    <ClInclude Include="include\FslBase\Iterator\PointerIterator.hpp">
      <Filter>Header Files</Filter>
    </ClInclude>
    <ClInclude Include="include\FslBase\Log\Common\FmtVersionInfo.hpp">
      <Filter>Header Files</Filter>
    </ClInclude>
    <ClInclude Include="include\FslBase\Log\Common\FmtVersionInfo2.hpp">
      <Filter>Header Files</Filter>
    </ClInclude>
    <ClInclude Include="include\FslBase\Log\Common\LogVersionInfo.hpp">
      <Filter>Header Files</Filter>
    </ClInclude>
    <ClInclude Include="include\FslBase\Log\Common\LogVersionInfo2.hpp">
      <Filter>Header Files</Filter>
    </ClInclude>
    <ClInclude Include="include\FslBase\Log\IO\FmtPath.hpp">
      <Filter>Header Files</Filter>
    </ClInclude>
    <ClInclude Include="include\FslBase\Log\IO\FmtPathView.hpp">
      <Filter>Header Files</Filter>
    </ClInclude>
    <ClInclude Include="include\FslBase\Log\IO\LogPath.hpp">
      <Filter>Header Files</Filter>
    </ClInclude>
    <ClInclude Include="include\FslBase\Log\IO\LogPathView.hpp">
      <Filter>Header Files</Filter>
    </ClInclude>
    <ClInclude Include="include\FslBase\Log\Log3Core.hpp">
      <Filter>Header Files</Filter>
    </ClInclude>
    <ClInclude Include="include\FslBase\Log\Log3Fmt.hpp">
      <Filter>Header Files</Filter>
    </ClInclude>
    <ClInclude Include="include\FslBase\Log\Logger0.hpp">
      <Filter>Header Files</Filter>
    </ClInclude>
    <ClInclude Include="include\FslBase\Log\Logger1.hpp">
      <Filter>Header Files</Filter>
    </ClInclude>
    <ClInclude Include="include\FslBase\Log\LogLocation.hpp">
      <Filter>Header Files</Filter>
    </ClInclude>
    <ClInclude Include="include\FslBase\Log\Math\Dp\FmtDpExtent2D.hpp">
      <Filter>Header Files</Filter>
    </ClInclude>
    <ClInclude Include="include\FslBase\Log\Math\Dp\FmtDpPoint2.hpp">
      <Filter>Header Files</Filter>
    </ClInclude>
    <ClInclude Include="include\FslBase\Log\Math\Dp\FmtDpPoint2F.hpp">
      <Filter>Header Files</Filter>
    </ClInclude>
    <ClInclude Include="include\FslBase\Log\Math\Dp\FmtDpPoint2U.hpp">
      <Filter>Header Files</Filter>
    </ClInclude>
    <ClInclude Include="include\FslBase\Log\Math\Dp\FmtDpSize1D.hpp">
      <Filter>Header Files</Filter>
    </ClInclude>
    <ClInclude Include="include\FslBase\Log\Math\Dp\FmtDpSize1DF.hpp">
      <Filter>Header Files</Filter>
    </ClInclude>
    <ClInclude Include="include\FslBase\Log\Math\Dp\FmtDpSize2D.hpp">
      <Filter>Header Files</Filter>
    </ClInclude>
    <ClInclude Include="include\FslBase\Log\Math\Dp\FmtDpSize2DF.hpp">
      <Filter>Header Files</Filter>
    </ClInclude>
    <ClInclude Include="include\FslBase\Log\Math\Dp\FmtDpThickness.hpp">
      <Filter>Header Files</Filter>
    </ClInclude>
    <ClInclude Include="include\FslBase\Log\Math\Dp\FmtDpThicknessF.hpp">
      <Filter>Header Files</Filter>
    </ClInclude>
    <ClInclude Include="include\FslBase\Log\Math\Dp\FmtDpThicknessU.hpp">
      <Filter>Header Files</Filter>
    </ClInclude>
    <ClInclude Include="include\FslBase\Log\Math\Dp\FmtDpValue.hpp">
      <Filter>Header Files</Filter>
    </ClInclude>
    <ClInclude Include="include\FslBase\Log\Math\Dp\FmtDpValueF.hpp">
      <Filter>Header Files</Filter>
    </ClInclude>
    <ClInclude Include="include\FslBase\Log\Math\Dp\FmtDpValueU.hpp">
      <Filter>Header Files</Filter>
    </ClInclude>
    <ClInclude Include="include\FslBase\Log\Math\Dp\LogDpExtent2D.hpp">
      <Filter>Header Files</Filter>
    </ClInclude>
    <ClInclude Include="include\FslBase\Log\Math\Dp\LogDpPoint2.hpp">
      <Filter>Header Files</Filter>
    </ClInclude>
    <ClInclude Include="include\FslBase\Log\Math\Dp\LogDpPoint2F.hpp">
      <Filter>Header Files</Filter>
    </ClInclude>
    <ClInclude Include="include\FslBase\Log\Math\Dp\LogDpPoint2U.hpp">
      <Filter>Header Files</Filter>
    </ClInclude>
    <ClInclude Include="include\FslBase\Log\Math\Dp\LogDpSize1D.hpp">
      <Filter>Header Files</Filter>
    </ClInclude>
    <ClInclude Include="include\FslBase\Log\Math\Dp\LogDpSize1DF.hpp">
      <Filter>Header Files</Filter>
    </ClInclude>
    <ClInclude Include="include\FslBase\Log\Math\Dp\LogDpSize2D.hpp">
      <Filter>Header Files</Filter>
    </ClInclude>
    <ClInclude Include="include\FslBase\Log\Math\Dp\LogDpSize2DF.hpp">
      <Filter>Header Files</Filter>
    </ClInclude>
    <ClInclude Include="include\FslBase\Log\Math\Dp\LogDpThickness.hpp">
      <Filter>Header Files</Filter>
    </ClInclude>
    <ClInclude Include="include\FslBase\Log\Math\Dp\LogDpThicknessF.hpp">
      <Filter>Header Files</Filter>
    </ClInclude>
    <ClInclude Include="include\FslBase\Log\Math\Dp\LogDpThicknessU.hpp">
      <Filter>Header Files</Filter>
    </ClInclude>
    <ClInclude Include="include\FslBase\Log\Math\Dp\LogDpValue.hpp">
      <Filter>Header Files</Filter>
    </ClInclude>
    <ClInclude Include="include\FslBase\Log\Math\Dp\LogDpValueF.hpp">
      <Filter>Header Files</Filter>
    </ClInclude>
    <ClInclude Include="include\FslBase\Log\Math\Dp\LogDpValueU.hpp">
      <Filter>Header Files</Filter>
    </ClInclude>
    <ClInclude Include="include\FslBase\Log\Math\FmtBasicWindowMetrics.hpp">
      <Filter>Header Files</Filter>
    </ClInclude>
    <ClInclude Include="include\FslBase\Log\Math\FmtBoundingBox.hpp">
      <Filter>Header Files</Filter>
    </ClInclude>
    <ClInclude Include="include\FslBase\Log\Math\FmtBoundingFrustum.hpp">
      <Filter>Header Files</Filter>
    </ClInclude>
    <ClInclude Include="include\FslBase\Log\Math\FmtBoundingSphere.hpp">
      <Filter>Header Files</Filter>
    </ClInclude>
    <ClInclude Include="include\FslBase\Log\Math\FmtBoxF.hpp">
      <Filter>Header Files</Filter>
    </ClInclude>
    <ClInclude Include="include\FslBase\Log\Math\FmtContainmentType.hpp">
      <Filter>Header Files</Filter>
    </ClInclude>
    <ClInclude Include="include\FslBase\Log\Math\FmtExtent2D.hpp">
      <Filter>Header Files</Filter>
    </ClInclude>
    <ClInclude Include="include\FslBase\Log\Math\FmtExtent3D.hpp">
      <Filter>Header Files</Filter>
    </ClInclude>
    <ClInclude Include="include\FslBase\Log\Math\FmtMatrix.hpp">
      <Filter>Header Files</Filter>
    </ClInclude>
    <ClInclude Include="include\FslBase\Log\Math\FmtMatrix3.hpp">
      <Filter>Header Files</Filter>
    </ClInclude>
    <ClInclude Include="include\FslBase\Log\Math\FmtMatrix3Std140.hpp">
      <Filter>Header Files</Filter>
    </ClInclude>
    <ClInclude Include="include\FslBase\Log\Math\FmtMinMax.hpp">
      <Filter>Header Files</Filter>
    </ClInclude>
    <ClInclude Include="include\FslBase\Log\Math\FmtNineSlice.hpp">
      <Filter>Header Files</Filter>
    </ClInclude>
    <ClInclude Include="include\FslBase\Log\Math\FmtOffset2D.hpp">
      <Filter>Header Files</Filter>
    </ClInclude>
    <ClInclude Include="include\FslBase\Log\Math\FmtOffset3D.hpp">
      <Filter>Header Files</Filter>
    </ClInclude>
    <ClInclude Include="include\FslBase\Log\Math\FmtPlane.hpp">
      <Filter>Header Files</Filter>
    </ClInclude>
    <ClInclude Include="include\FslBase\Log\Math\FmtPoint2.hpp">
      <Filter>Header Files</Filter>
    </ClInclude>
    <ClInclude Include="include\FslBase\Log\Math\FmtPoint2U.hpp">
      <Filter>Header Files</Filter>
    </ClInclude>
    <ClInclude Include="include\FslBase\Log\Math\FmtQuaternion.hpp">
      <Filter>Header Files</Filter>
    </ClInclude>
    <ClInclude Include="include\FslBase\Log\Math\FmtRay.hpp">
      <Filter>Header Files</Filter>
    </ClInclude>
    <ClInclude Include="include\FslBase\Log\Math\FmtRect.hpp">
      <Filter>Header Files</Filter>
    </ClInclude>
    <ClInclude Include="include\FslBase\Log\Math\FmtRectangle.hpp">
      <Filter>Header Files</Filter>
    </ClInclude>
    <ClInclude Include="include\FslBase\Log\Math\FmtRectangle2D.hpp">
      <Filter>Header Files</Filter>
    </ClInclude>
    <ClInclude Include="include\FslBase\Log\Math\FmtRectangle3D.hpp">
      <Filter>Header Files</Filter>
    </ClInclude>
    <ClInclude Include="include\FslBase\Log\Math\FmtRectangleU.hpp">
      <Filter>Header Files</Filter>
    </ClInclude>
    <ClInclude Include="include\FslBase\Log\Math\FmtSpanRange.hpp">
      <Filter>Header Files</Filter>
    </ClInclude>
    <ClInclude Include="include\FslBase\Log\Math\FmtThickness.hpp">
      <Filter>Header Files</Filter>
    </ClInclude>
    <ClInclude Include="include\FslBase\Log\Math\FmtThicknessF.hpp">
      <Filter>Header Files</Filter>
    </ClInclude>
    <ClInclude Include="include\FslBase\Log\Math\FmtThicknessU.hpp">
      <Filter>Header Files</Filter>
    </ClInclude>
    <ClInclude Include="include\FslBase\Log\Math\FmtVector2.hpp">
      <Filter>Header Files</Filter>
    </ClInclude>
    <ClInclude Include="include\FslBase\Log\Math\FmtVector3.hpp">
      <Filter>Header Files</Filter>
    </ClInclude>
    <ClInclude Include="include\FslBase\Log\Math\FmtVector4.hpp">
      <Filter>Header Files</Filter>
    </ClInclude>
    <ClInclude Include="include\FslBase\Log\Math\FmtViewport.hpp">
      <Filter>Header Files</Filter>
    </ClInclude>
    <ClInclude Include="include\FslBase\Log\Math\LogBoundingBox.hpp">
      <Filter>Header Files</Filter>
    </ClInclude>
    <ClInclude Include="include\FslBase\Log\Math\LogBoundingFrustum.hpp">
      <Filter>Header Files</Filter>
    </ClInclude>
    <ClInclude Include="include\FslBase\Log\Math\LogBoundingSphere.hpp">
      <Filter>Header Files</Filter>
    </ClInclude>
    <ClInclude Include="include\FslBase\Log\Math\LogBoxF.hpp">
      <Filter>Header Files</Filter>
    </ClInclude>
    <ClInclude Include="include\FslBase\Log\Math\LogContainmentType.hpp">
      <Filter>Header Files</Filter>
    </ClInclude>
    <ClInclude Include="include\FslBase\Log\Math\LogExtent2D.hpp">
      <Filter>Header Files</Filter>
    </ClInclude>
    <ClInclude Include="include\FslBase\Log\Math\LogExtent3D.hpp">
      <Filter>Header Files</Filter>
    </ClInclude>
    <ClInclude Include="include\FslBase\Log\Math\LogMatrix.hpp">
      <Filter>Header Files</Filter>
    </ClInclude>
    <ClInclude Include="include\FslBase\Log\Math\LogMatrix3.hpp">
      <Filter>Header Files</Filter>
    </ClInclude>
    <ClInclude Include="include\FslBase\Log\Math\LogMatrix3Std140.hpp">
      <Filter>Header Files</Filter>
    </ClInclude>
    <ClInclude Include="include\FslBase\Log\Math\LogMinMax.hpp">
      <Filter>Header Files</Filter>
    </ClInclude>
    <ClInclude Include="include\FslBase\Log\Math\LogNineSlice.hpp">
      <Filter>Header Files</Filter>
    </ClInclude>
    <ClInclude Include="include\FslBase\Log\Math\LogOffset2D.hpp">
      <Filter>Header Files</Filter>
    </ClInclude>
    <ClInclude Include="include\FslBase\Log\Math\LogOffset3D.hpp">
      <Filter>Header Files</Filter>
    </ClInclude>
    <ClInclude Include="include\FslBase\Log\Math\LogPlane.hpp">
      <Filter>Header Files</Filter>
    </ClInclude>
    <ClInclude Include="include\FslBase\Log\Math\LogPoint2.hpp">
      <Filter>Header Files</Filter>
    </ClInclude>
    <ClInclude Include="include\FslBase\Log\Math\LogPoint2U.hpp">
      <Filter>Header Files</Filter>
    </ClInclude>
    <ClInclude Include="include\FslBase\Log\Math\LogQuaternion.hpp">
      <Filter>Header Files</Filter>
    </ClInclude>
    <ClInclude Include="include\FslBase\Log\Math\LogRay.hpp">
      <Filter>Header Files</Filter>
    </ClInclude>
    <ClInclude Include="include\FslBase\Log\Math\LogRect.hpp">
      <Filter>Header Files</Filter>
    </ClInclude>
    <ClInclude Include="include\FslBase\Log\Math\LogRectangle.hpp">
      <Filter>Header Files</Filter>
    </ClInclude>
    <ClInclude Include="include\FslBase\Log\Math\LogRectangle2D.hpp">
      <Filter>Header Files</Filter>
    </ClInclude>
    <ClInclude Include="include\FslBase\Log\Math\LogRectangle3D.hpp">
      <Filter>Header Files</Filter>
    </ClInclude>
    <ClInclude Include="include\FslBase\Log\Math\LogRectangleU.hpp">
      <Filter>Header Files</Filter>
    </ClInclude>
    <ClInclude Include="include\FslBase\Log\Math\LogSpanRange.hpp">
      <Filter>Header Files</Filter>
    </ClInclude>
    <ClInclude Include="include\FslBase\Log\Math\LogThickness.hpp">
      <Filter>Header Files</Filter>
    </ClInclude>
    <ClInclude Include="include\FslBase\Log\Math\LogThicknessF.hpp">
      <Filter>Header Files</Filter>
    </ClInclude>
    <ClInclude Include="include\FslBase\Log\Math\LogThicknessU.hpp">
      <Filter>Header Files</Filter>
    </ClInclude>
    <ClInclude Include="include\FslBase\Log\Math\LogVector2.hpp">
      <Filter>Header Files</Filter>
    </ClInclude>
    <ClInclude Include="include\FslBase\Log\Math\LogVector3.hpp">
      <Filter>Header Files</Filter>
    </ClInclude>
    <ClInclude Include="include\FslBase\Log\Math\LogVector4.hpp">
      <Filter>Header Files</Filter>
    </ClInclude>
    <ClInclude Include="include\FslBase\Log\Math\LogViewport.hpp">
      <Filter>Header Files</Filter>
    </ClInclude>
    <ClInclude Include="include\FslBase\Log\Math\Pixel\FmtPxAreaRectangleF.hpp">
      <Filter>Header Files</Filter>
    </ClInclude>
    <ClInclude Include="include\FslBase\Log\Math\Pixel\FmtPxClipRectangle.hpp">
      <Filter>Header Files</Filter>
    </ClInclude>
    <ClInclude Include="include\FslBase\Log\Math\Pixel\FmtPxExtent2D.hpp">
      <Filter>Header Files</Filter>
    </ClInclude>
    <ClInclude Include="include\FslBase\Log\Math\Pixel\FmtPxExtent3D.hpp">
      <Filter>Header Files</Filter>
    </ClInclude>
    <ClInclude Include="include\FslBase\Log\Math\Pixel\FmtPxPoint2.hpp">
      <Filter>Header Files</Filter>
    </ClInclude>
    <ClInclude Include="include\FslBase\Log\Math\Pixel\FmtPxPoint2U.hpp">
      <Filter>Header Files</Filter>
    </ClInclude>
    <ClInclude Include="include\FslBase\Log\Math\Pixel\FmtPxRectangle.hpp">
      <Filter>Header Files</Filter>
    </ClInclude>
    <ClInclude Include="include\FslBase\Log\Math\Pixel\FmtPxRectangle2D.hpp">
      <Filter>Header Files</Filter>
    </ClInclude>
    <ClInclude Include="include\FslBase\Log\Math\Pixel\FmtPxRectangleU16.hpp">
      <Filter>Header Files</Filter>
    </ClInclude>
    <ClInclude Include="include\FslBase\Log\Math\Pixel\FmtPxRectangleU32.hpp">
      <Filter>Header Files</Filter>
    </ClInclude>
    <ClInclude Include="include\FslBase\Log\Math\Pixel\FmtPxSize1D.hpp">
      <Filter>Header Files</Filter>
    </ClInclude>
    <ClInclude Include="include\FslBase\Log\Math\Pixel\FmtPxSize1DF.hpp">
      <Filter>Header Files</Filter>
    </ClInclude>
    <ClInclude Include="include\FslBase\Log\Math\Pixel\FmtPxSize2D.hpp">
      <Filter>Header Files</Filter>
    </ClInclude>
    <ClInclude Include="include\FslBase\Log\Math\Pixel\FmtPxSize2DF.hpp">
      <Filter>Header Files</Filter>
    </ClInclude>
    <ClInclude Include="include\FslBase\Log\Math\Pixel\FmtPxThickness.hpp">
      <Filter>Header Files</Filter>
    </ClInclude>
    <ClInclude Include="include\FslBase\Log\Math\Pixel\FmtPxThicknessF.hpp">
      <Filter>Header Files</Filter>
    </ClInclude>
    <ClInclude Include="include\FslBase\Log\Math\Pixel\FmtPxThicknessU.hpp">
      <Filter>Header Files</Filter>
    </ClInclude>
    <ClInclude Include="include\FslBase\Log\Math\Pixel\FmtPxThicknessU16.hpp">
      <Filter>Header Files</Filter>
    </ClInclude>
    <ClInclude Include="include\FslBase\Log\Math\Pixel\FmtPxTrimmedImage.hpp">
      <Filter>Header Files</Filter>
    </ClInclude>
    <ClInclude Include="include\FslBase\Log\Math\Pixel\FmtPxTrimmedNineSlice.hpp">
      <Filter>Header Files</Filter>
    </ClInclude>
    <ClInclude Include="include\FslBase\Log\Math\Pixel\FmtPxUIRectangle2D.hpp">
      <Filter>Header Files</Filter>
    </ClInclude>
    <ClInclude Include="include\FslBase\Log\Math\Pixel\FmtPxValue.hpp">
      <Filter>Header Files</Filter>
    </ClInclude>
    <ClInclude Include="include\FslBase\Log\Math\Pixel\FmtPxValueF.hpp">
      <Filter>Header Files</Filter>
    </ClInclude>
    <ClInclude Include="include\FslBase\Log\Math\Pixel\FmtPxValueU.hpp">
      <Filter>Header Files</Filter>
    </ClInclude>
    <ClInclude Include="include\FslBase\Log\Math\Pixel\FmtPxValueU16.hpp">
      <Filter>Header Files</Filter>
    </ClInclude>
    <ClInclude Include="include\FslBase\Log\Math\Pixel\FmtPxVector2.hpp">
      <Filter>Header Files</Filter>
    </ClInclude>
    <ClInclude Include="include\FslBase\Log\Math\Pixel\FmtPxViewport.hpp">
      <Filter>Header Files</Filter>
    </ClInclude>
    <ClInclude Include="include\FslBase\Log\Math\Pixel\LogPxAreaRectangleF.hpp">
      <Filter>Header Files</Filter>
    </ClInclude>
    <ClInclude Include="include\FslBase\Log\Math\Pixel\LogPxClipRectangle.hpp">
      <Filter>Header Files</Filter>
    </ClInclude>
    <ClInclude Include="include\FslBase\Log\Math\Pixel\LogPxExtent2D.hpp">
      <Filter>Header Files</Filter>
    </ClInclude>
    <ClInclude Include="include\FslBase\Log\Math\Pixel\LogPxExtent3D.hpp">
      <Filter>Header Files</Filter>
    </ClInclude>
    <ClInclude Include="include\FslBase\Log\Math\Pixel\LogPxPoint2.hpp">
      <Filter>Header Files</Filter>
    </ClInclude>
    <ClInclude Include="include\FslBase\Log\Math\Pixel\LogPxPoint2U.hpp">
      <Filter>Header Files</Filter>
    </ClInclude>
    <ClInclude Include="include\FslBase\Log\Math\Pixel\LogPxRectangle.hpp">
      <Filter>Header Files</Filter>
    </ClInclude>
    <ClInclude Include="include\FslBase\Log\Math\Pixel\LogPxRectangle2D.hpp">
      <Filter>Header Files</Filter>
    </ClInclude>
    <ClInclude Include="include\FslBase\Log\Math\Pixel\LogPxRectangleU16.hpp">
      <Filter>Header Files</Filter>
    </ClInclude>
    <ClInclude Include="include\FslBase\Log\Math\Pixel\LogPxRectangleU32.hpp">
      <Filter>Header Files</Filter>
    </ClInclude>
    <ClInclude Include="include\FslBase\Log\Math\Pixel\LogPxSize1D.hpp">
      <Filter>Header Files</Filter>
    </ClInclude>
    <ClInclude Include="include\FslBase\Log\Math\Pixel\LogPxSize1DF.hpp">
      <Filter>Header Files</Filter>
    </ClInclude>
    <ClInclude Include="include\FslBase\Log\Math\Pixel\LogPxSize2D.hpp">
      <Filter>Header Files</Filter>
    </ClInclude>
    <ClInclude Include="include\FslBase\Log\Math\Pixel\LogPxSize2DF.hpp">
      <Filter>Header Files</Filter>
    </ClInclude>
    <ClInclude Include="include\FslBase\Log\Math\Pixel\LogPxThickness.hpp">
      <Filter>Header Files</Filter>
    </ClInclude>
    <ClInclude Include="include\FslBase\Log\Math\Pixel\LogPxThicknessF.hpp">
      <Filter>Header Files</Filter>
    </ClInclude>
    <ClInclude Include="include\FslBase\Log\Math\Pixel\LogPxThicknessU.hpp">
      <Filter>Header Files</Filter>
    </ClInclude>
    <ClInclude Include="include\FslBase\Log\Math\Pixel\LogPxThicknessU16.hpp">
      <Filter>Header Files</Filter>
    </ClInclude>
    <ClInclude Include="include\FslBase\Log\Math\Pixel\LogPxTrimmedImage.hpp">
      <Filter>Header Files</Filter>
    </ClInclude>
    <ClInclude Include="include\FslBase\Log\Math\Pixel\LogPxTrimmedNineSlice.hpp">
      <Filter>Header Files</Filter>
    </ClInclude>
    <ClInclude Include="include\FslBase\Log\Math\Pixel\LogPxUIRectangle2D.hpp">
      <Filter>Header Files</Filter>
    </ClInclude>
    <ClInclude Include="include\FslBase\Log\Math\Pixel\LogPxValue.hpp">
      <Filter>Header Files</Filter>
    </ClInclude>
    <ClInclude Include="include\FslBase\Log\Math\Pixel\LogPxValueF.hpp">
      <Filter>Header Files</Filter>
    </ClInclude>
    <ClInclude Include="include\FslBase\Log\Math\Pixel\LogPxValueU.hpp">
      <Filter>Header Files</Filter>
    </ClInclude>
    <ClInclude Include="include\FslBase\Log\Math\Pixel\LogPxValueU16.hpp">
      <Filter>Header Files</Filter>
    </ClInclude>
    <ClInclude Include="include\FslBase\Log\Math\Pixel\LogPxVector2.hpp">
      <Filter>Header Files</Filter>
    </ClInclude>
    <ClInclude Include="include\FslBase\Log\Math\Pixel\LogPxViewport.hpp">
      <Filter>Header Files</Filter>
    </ClInclude>
    <ClInclude Include="include\FslBase\Log\String\FmtCStringPointer.hpp">
      <Filter>Header Files</Filter>
    </ClInclude>
    <ClInclude Include="include\FslBase\Log\String\FmtCStringView.hpp">
      <Filter>Header Files</Filter>
    </ClInclude>
    <ClInclude Include="include\FslBase\Log\String\FmtStringViewLite.hpp">
      <Filter>Header Files</Filter>
    </ClInclude>
    <ClInclude Include="include\FslBase\Log\String\FmtUTF8String.hpp">
      <Filter>Header Files</Filter>
    </ClInclude>
    <ClInclude Include="include\FslBase\Log\String\LogCStringPointer.hpp">
      <Filter>Header Files</Filter>
    </ClInclude>
    <ClInclude Include="include\FslBase\Log\String\LogCStringView.hpp">
      <Filter>Header Files</Filter>
    </ClInclude>
    <ClInclude Include="include\FslBase\Log\String\LogStringViewLite.hpp">
      <Filter>Header Files</Filter>
    </ClInclude>
    <ClInclude Include="include\FslBase\Log\String\LogUTF8String.hpp">
      <Filter>Header Files</Filter>
    </ClInclude>
    <ClInclude Include="include\FslBase\Log\Time\FmtMillisecondTickCount32.hpp">
      <Filter>Header Files</Filter>
    </ClInclude>
    <ClInclude Include="include\FslBase\Log\Time\FmtTickCount.hpp">
      <Filter>Header Files</Filter>
    </ClInclude>
    <ClInclude Include="include\FslBase\Log\Time\FmtTimeSpan.hpp">
      <Filter>Header Files</Filter>
    </ClInclude>
    <ClInclude Include="include\FslBase\Log\Time\LogMillisecondTickCount32.hpp">
      <Filter>Header Files</Filter>
    </ClInclude>
    <ClInclude Include="include\FslBase\Log\Time\LogTickCount.hpp">
      <Filter>Header Files</Filter>
    </ClInclude>
    <ClInclude Include="include\FslBase\Log\Time\LogTimeSpan.hpp">
      <Filter>Header Files</Filter>
    </ClInclude>
    <ClInclude Include="include\FslBase\Log\Transition\FmtTransitionType.hpp">
      <Filter>Header Files</Filter>
    </ClInclude>
    <ClInclude Include="include\FslBase\Log\Transition\LogTransitionType.hpp">
      <Filter>Header Files</Filter>
    </ClInclude>
    <ClInclude Include="include\FslBase\Math\BasicWindowMetrics.hpp">
      <Filter>Header Files</Filter>
    </ClInclude>
    <ClInclude Include="include\FslBase\Math\BoundingBox.hpp">
      <Filter>Header Files</Filter>
    </ClInclude>
    <ClInclude Include="include\FslBase\Math\BoundingFrustum.hpp">
      <Filter>Header Files</Filter>
    </ClInclude>
    <ClInclude Include="include\FslBase\Math\BoundingSphere.hpp">
      <Filter>Header Files</Filter>
    </ClInclude>
    <ClInclude Include="include\FslBase\Math\BoxF.hpp">
      <Filter>Header Files</Filter>
    </ClInclude>
    <ClInclude Include="include\FslBase\Math\ConstrainedValue.hpp">
      <Filter>Header Files</Filter>
    </ClInclude>
    <ClInclude Include="include\FslBase\Math\ContainmentType.hpp">
      <Filter>Header Files</Filter>
    </ClInclude>
    <ClInclude Include="include\FslBase\Math\Dp\DpExtent2D.hpp">
      <Filter>Header Files</Filter>
    </ClInclude>
    <ClInclude Include="include\FslBase\Math\Dp\DpPoint2.hpp">
      <Filter>Header Files</Filter>
    </ClInclude>
    <ClInclude Include="include\FslBase\Math\Dp\DpPoint2F.hpp">
      <Filter>Header Files</Filter>
    </ClInclude>
    <ClInclude Include="include\FslBase\Math\Dp\DpPoint2U.hpp">
      <Filter>Header Files</Filter>
    </ClInclude>
    <ClInclude Include="include\FslBase\Math\Dp\DpSize1D.hpp">
      <Filter>Header Files</Filter>
    </ClInclude>
    <ClInclude Include="include\FslBase\Math\Dp\DpSize1DF.hpp">
      <Filter>Header Files</Filter>
    </ClInclude>
    <ClInclude Include="include\FslBase\Math\Dp\DpSize2D.hpp">
      <Filter>Header Files</Filter>
    </ClInclude>
    <ClInclude Include="include\FslBase\Math\Dp\DpSize2DF.hpp">
      <Filter>Header Files</Filter>
    </ClInclude>
    <ClInclude Include="include\FslBase\Math\Dp\DpThickness.hpp">
      <Filter>Header Files</Filter>
    </ClInclude>
    <ClInclude Include="include\FslBase\Math\Dp\DpThicknessF.hpp">
      <Filter>Header Files</Filter>
    </ClInclude>
    <ClInclude Include="include\FslBase\Math\Dp\DpThicknessU.hpp">
      <Filter>Header Files</Filter>
    </ClInclude>
    <ClInclude Include="include\FslBase\Math\Dp\DpValue.hpp">
      <Filter>Header Files</Filter>
    </ClInclude>
    <ClInclude Include="include\FslBase\Math\Dp\DpValue_literal.hpp">
      <Filter>Header Files</Filter>
    </ClInclude>
    <ClInclude Include="include\FslBase\Math\Dp\DpValueF.hpp">
      <Filter>Header Files</Filter>
    </ClInclude>
    <ClInclude Include="include\FslBase\Math\Dp\DpValueU.hpp">
      <Filter>Header Files</Filter>
    </ClInclude>
    <ClInclude Include="include\FslBase\Math\Dp\EqualHelper_DpPoint2F.hpp">
      <Filter>Header Files</Filter>
    </ClInclude>
    <ClInclude Include="include\FslBase\Math\Dp\EqualHelper_DpPointF.hpp">
      <Filter>Header Files</Filter>
    </ClInclude>
    <ClInclude Include="include\FslBase\Math\Dp\EqualHelper_DpSize1DF.hpp">
      <Filter>Header Files</Filter>
    </ClInclude>
    <ClInclude Include="include\FslBase\Math\Dp\EqualHelper_DpValueF.hpp">
      <Filter>Header Files</Filter>
    </ClInclude>
    <ClInclude Include="include\FslBase\Math\Dp\TypeConverter.hpp">
      <Filter>Header Files</Filter>
    </ClInclude>
    <ClInclude Include="include\FslBase\Math\Dp\TypeConverter_Math.hpp">
      <Filter>Header Files</Filter>
    </ClInclude>
    <ClInclude Include="include\FslBase\Math\EqualHelper.hpp">
      <Filter>Header Files</Filter>
    </ClInclude>
    <ClInclude Include="include\FslBase\Math\EqualHelper_Rect.hpp">
      <Filter>Header Files</Filter>
    </ClInclude>
    <ClInclude Include="include\FslBase\Math\EqualHelper_Vector2.hpp">
      <Filter>Header Files</Filter>
    </ClInclude>
    <ClInclude Include="include\FslBase\Math\EqualHelper_Vector3.hpp">
      <Filter>Header Files</Filter>
    </ClInclude>
    <ClInclude Include="include\FslBase\Math\EqualHelper_Vector4.hpp">
      <Filter>Header Files</Filter>
    </ClInclude>
    <ClInclude Include="include\FslBase\Math\Extent2D.hpp">
      <Filter>Header Files</Filter>
    </ClInclude>
    <ClInclude Include="include\FslBase\Math\Extent3D.hpp">
      <Filter>Header Files</Filter>
    </ClInclude>
    <ClInclude Include="include\FslBase\Math\MathHelper.hpp">
      <Filter>Header Files</Filter>
    </ClInclude>
    <ClInclude Include="include\FslBase\Math\MathHelper_Bilinear.hpp">
      <Filter>Header Files</Filter>
    </ClInclude>
    <ClInclude Include="include\FslBase\Math\MathHelper_CalcOptimalSize.hpp">
      <Filter>Header Files</Filter>
    </ClInclude>
    <ClInclude Include="include\FslBase\Math\MathHelper_Clamp.hpp">
      <Filter>Header Files</Filter>
    </ClInclude>
    <ClInclude Include="include\FslBase\Math\MathHelper_FastRound.hpp">
      <Filter>Header Files</Filter>
    </ClInclude>
    <ClInclude Include="include\FslBase\Math\MathHelper_MinMax.hpp">
      <Filter>Header Files</Filter>
    </ClInclude>
    <ClInclude Include="include\FslBase\Math\Matrix.hpp">
      <Filter>Header Files</Filter>
    </ClInclude>
    <ClInclude Include="include\FslBase\Math\Matrix3.hpp">
      <Filter>Header Files</Filter>
    </ClInclude>
    <ClInclude Include="include\FslBase\Math\Matrix3Fields.hpp">
      <Filter>Header Files</Filter>
    </ClInclude>
    <ClInclude Include="include\FslBase\Math\Matrix3Std140.hpp">
      <Filter>Header Files</Filter>
    </ClInclude>
    <ClInclude Include="include\FslBase\Math\Matrix3Std140Fields.hpp">
      <Filter>Header Files</Filter>
    </ClInclude>
    <ClInclude Include="include\FslBase\Math\MatrixConverter.hpp">
      <Filter>Header Files</Filter>
    </ClInclude>
    <ClInclude Include="include\FslBase\Math\MatrixFields.hpp">
      <Filter>Header Files</Filter>
    </ClInclude>
    <ClInclude Include="include\FslBase\Math\MinMax.hpp">
      <Filter>Header Files</Filter>
    </ClInclude>
    <ClInclude Include="include\FslBase\Math\NineSlice.hpp">
      <Filter>Header Files</Filter>
    </ClInclude>
    <ClInclude Include="include\FslBase\Math\Offset2D.hpp">
      <Filter>Header Files</Filter>
    </ClInclude>
    <ClInclude Include="include\FslBase\Math\Offset3D.hpp">
      <Filter>Header Files</Filter>
    </ClInclude>
    <ClInclude Include="include\FslBase\Math\Pixel\EqualHelper_PxSize1DF.hpp">
      <Filter>Header Files</Filter>
    </ClInclude>
    <ClInclude Include="include\FslBase\Math\Pixel\EqualHelper_PxSize2DF.hpp">
      <Filter>Header Files</Filter>
    </ClInclude>
    <ClInclude Include="include\FslBase\Math\Pixel\EqualHelper_PxVector2.hpp">
      <Filter>Header Files</Filter>
    </ClInclude>
    <ClInclude Include="include\FslBase\Math\Pixel\PxAreaRectangleF.hpp">
      <Filter>Header Files</Filter>
    </ClInclude>
    <ClInclude Include="include\FslBase\Math\Pixel\PxClipRectangle.hpp">
      <Filter>Header Files</Filter>
    </ClInclude>
    <ClInclude Include="include\FslBase\Math\Pixel\PxExtent2D.hpp">
      <Filter>Header Files</Filter>
    </ClInclude>
    <ClInclude Include="include\FslBase\Math\Pixel\PxExtent3D.hpp">
      <Filter>Header Files</Filter>
    </ClInclude>
    <ClInclude Include="include\FslBase\Math\Pixel\PxPoint2.hpp">
      <Filter>Header Files</Filter>
    </ClInclude>
    <ClInclude Include="include\FslBase\Math\Pixel\PxPoint2U.hpp">
      <Filter>Header Files</Filter>
    </ClInclude>
    <ClInclude Include="include\FslBase\Math\Pixel\PxRectangle.hpp">
      <Filter>Header Files</Filter>
    </ClInclude>
    <ClInclude Include="include\FslBase\Math\Pixel\PxRectangle2D.hpp">
      <Filter>Header Files</Filter>
    </ClInclude>
    <ClInclude Include="include\FslBase\Math\Pixel\PxRectangleU16.hpp">
      <Filter>Header Files</Filter>
    </ClInclude>
    <ClInclude Include="include\FslBase\Math\Pixel\PxRectangleU32.hpp">
      <Filter>Header Files</Filter>
    </ClInclude>
    <ClInclude Include="include\FslBase\Math\Pixel\PxSize1D.hpp">
      <Filter>Header Files</Filter>
    </ClInclude>
    <ClInclude Include="include\FslBase\Math\Pixel\PxSize1DF.hpp">
      <Filter>Header Files</Filter>
    </ClInclude>
    <ClInclude Include="include\FslBase\Math\Pixel\PxSize2D.hpp">
      <Filter>Header Files</Filter>
    </ClInclude>
    <ClInclude Include="include\FslBase\Math\Pixel\PxSize2DF.hpp">
      <Filter>Header Files</Filter>
    </ClInclude>
    <ClInclude Include="include\FslBase\Math\Pixel\PxThickness.hpp">
      <Filter>Header Files</Filter>
    </ClInclude>
    <ClInclude Include="include\FslBase\Math\Pixel\PxThicknessF.hpp">
      <Filter>Header Files</Filter>
    </ClInclude>
    <ClInclude Include="include\FslBase\Math\Pixel\PxThicknessU.hpp">
      <Filter>Header Files</Filter>
    </ClInclude>
    <ClInclude Include="include\FslBase\Math\Pixel\PxThicknessU16.hpp">
      <Filter>Header Files</Filter>
    </ClInclude>
    <ClInclude Include="include\FslBase\Math\Pixel\PxTrimmedImage.hpp">
      <Filter>Header Files</Filter>
    </ClInclude>
    <ClInclude Include="include\FslBase\Math\Pixel\PxTrimmedNineSlice.hpp">
      <Filter>Header Files</Filter>
    </ClInclude>
    <ClInclude Include="include\FslBase\Math\Pixel\PxUIRectangle2D.hpp">
      <Filter>Header Files</Filter>
    </ClInclude>
    <ClInclude Include="include\FslBase\Math\Pixel\PxValue.hpp">
      <Filter>Header Files</Filter>
    </ClInclude>
    <ClInclude Include="include\FslBase\Math\Pixel\PxValueF.hpp">
      <Filter>Header Files</Filter>
    </ClInclude>
    <ClInclude Include="include\FslBase\Math\Pixel\PxValueU.hpp">
      <Filter>Header Files</Filter>
    </ClInclude>
    <ClInclude Include="include\FslBase\Math\Pixel\PxValueU16.hpp">
      <Filter>Header Files</Filter>
    </ClInclude>
    <ClInclude Include="include\FslBase\Math\Pixel\PxVector2.hpp">
      <Filter>Header Files</Filter>
    </ClInclude>
    <ClInclude Include="include\FslBase\Math\Pixel\PxViewport.hpp">
      <Filter>Header Files</Filter>
    </ClInclude>
    <ClInclude Include="include\FslBase\Math\Pixel\TypeConverter.hpp">
      <Filter>Header Files</Filter>
    </ClInclude>
    <ClInclude Include="include\FslBase\Math\Pixel\TypeConverter_Math.hpp">
      <Filter>Header Files</Filter>
    </ClInclude>
    <ClInclude Include="include\FslBase\Math\Plane.hpp">
      <Filter>Header Files</Filter>
    </ClInclude>
    <ClInclude Include="include\FslBase\Math\PlaneHelper.hpp">
      <Filter>Header Files</Filter>
    </ClInclude>
    <ClInclude Include="include\FslBase\Math\PlaneIntersectionType.hpp">
      <Filter>Header Files</Filter>
    </ClInclude>
    <ClInclude Include="include\FslBase\Math\Point2.hpp">
      <Filter>Header Files</Filter>
    </ClInclude>
    <ClInclude Include="include\FslBase\Math\Point2U.hpp">
      <Filter>Header Files</Filter>
    </ClInclude>
    <ClInclude Include="include\FslBase\Math\Quaternion.hpp">
      <Filter>Header Files</Filter>
    </ClInclude>
    <ClInclude Include="include\FslBase\Math\Ray.hpp">
      <Filter>Header Files</Filter>
    </ClInclude>
    <ClInclude Include="include\FslBase\Math\Rect.hpp">
      <Filter>Header Files</Filter>
    </ClInclude>
    <ClInclude Include="include\FslBase\Math\Rectangle.hpp">
      <Filter>Header Files</Filter>
    </ClInclude>
    <ClInclude Include="include\FslBase\Math\Rectangle2D.hpp">
      <Filter>Header Files</Filter>
    </ClInclude>
    <ClInclude Include="include\FslBase\Math\Rectangle3D.hpp">
      <Filter>Header Files</Filter>
    </ClInclude>
    <ClInclude Include="include\FslBase\Math\RectangleSizeRestrictionFlag.hpp">
      <Filter>Header Files</Filter>
    </ClInclude>
    <ClInclude Include="include\FslBase\Math\RectangleU.hpp">
      <Filter>Header Files</Filter>
    </ClInclude>
    <ClInclude Include="include\FslBase\Math\SpanRange.hpp">
      <Filter>Header Files</Filter>
    </ClInclude>
    <ClInclude Include="include\FslBase\Math\SpanRangeUtil.hpp">
      <Filter>Header Files</Filter>
    </ClInclude>
    <ClInclude Include="include\FslBase\Math\Thickness.hpp">
      <Filter>Header Files</Filter>
    </ClInclude>
    <ClInclude Include="include\FslBase\Math\ThicknessF.hpp">
      <Filter>Header Files</Filter>
    </ClInclude>
    <ClInclude Include="include\FslBase\Math\ThicknessU.hpp">
      <Filter>Header Files</Filter>
    </ClInclude>
    <ClInclude Include="include\FslBase\Math\TypeConverter.hpp">
      <Filter>Header Files</Filter>
    </ClInclude>
    <ClInclude Include="include\FslBase\Math\TypeConverter_Double.hpp">
      <Filter>Header Files</Filter>
    </ClInclude>
    <ClInclude Include="include\FslBase\Math\TypeConverter_Float.hpp">
      <Filter>Header Files</Filter>
    </ClInclude>
    <ClInclude Include="include\FslBase\Math\Vector2.hpp">
      <Filter>Header Files</Filter>
    </ClInclude>
    <ClInclude Include="include\FslBase\Math\Vector3.hpp">
      <Filter>Header Files</Filter>
    </ClInclude>
    <ClInclude Include="include\FslBase\Math\Vector4.hpp">
      <Filter>Header Files</Filter>
    </ClInclude>
    <ClInclude Include="include\FslBase\Math\VectorHelper.hpp">
      <Filter>Header Files</Filter>
    </ClInclude>
    <ClInclude Include="include\FslBase\Math\Viewport.hpp">
      <Filter>Header Files</Filter>
    </ClInclude>
    <ClInclude Include="include\FslBase\Math\ViewportUtil.hpp">
      <Filter>Header Files</Filter>
    </ClInclude>
    <ClInclude Include="include\FslBase\Noncopyable.hpp">
      <Filter>Header Files</Filter>
    </ClInclude>
    <ClInclude Include="include\FslBase\NumericCast.hpp">
      <Filter>Header Files</Filter>
    </ClInclude>
    <ClInclude Include="include\FslBase\OptimizationFlag.hpp">
      <Filter>Header Files</Filter>
    </ClInclude>
    <ClInclude Include="include\FslBase\Placement\Controlled.hpp">
      <Filter>Header Files</Filter>
    </ClInclude>
    <ClInclude Include="include\FslBase\Span\RawSpan.hpp">
      <Filter>Header Files</Filter>
    </ClInclude>
    <ClInclude Include="include\FslBase\Span\ReadOnlyFlexSpan.hpp">
      <Filter>Header Files</Filter>
    </ClInclude>
    <ClInclude Include="include\FslBase\Span\ReadOnlyFlexSpanUtil.hpp">
      <Filter>Header Files</Filter>
    </ClInclude>
    <ClInclude Include="include\FslBase\Span\ReadOnlyFlexSpanUtil_Array.hpp">
      <Filter>Header Files</Filter>
    </ClInclude>
    <ClInclude Include="include\FslBase\Span\ReadOnlyFlexSpanUtil_Vector.hpp">
      <Filter>Header Files</Filter>
    </ClInclude>
    <ClInclude Include="include\FslBase\Span\ReadOnlySpan.hpp">
      <Filter>Header Files</Filter>
    </ClInclude>
    <ClInclude Include="include\FslBase\Span\ReadOnlySpanUtil_Deque.hpp">
      <Filter>Header Files</Filter>
    </ClInclude>
    <ClInclude Include="include\FslBase\Span\ReadOnlyTypedFlexSpan.hpp">
      <Filter>Header Files</Filter>
    </ClInclude>
    <ClInclude Include="include\FslBase\Span\Span.hpp">
      <Filter>Header Files</Filter>
    </ClInclude>
    <ClInclude Include="include\FslBase\Span\SpanUtil.hpp">
      <Filter>Header Files</Filter>
    </ClInclude>
    <ClInclude Include="include\FslBase\Span\SpanUtil_Array.hpp">
      <Filter>Header Files</Filter>
    </ClInclude>
    <ClInclude Include="include\FslBase\Span\SpanUtil_Create.hpp">
      <Filter>Header Files</Filter>
    </ClInclude>
    <ClInclude Include="include\FslBase\Span\SpanUtil_CreateStd.hpp">
      <Filter>Header Files</Filter>
    </ClInclude>
    <ClInclude Include="include\FslBase\Span\SpanUtil_ValueCompare.hpp">
      <Filter>Header Files</Filter>
    </ClInclude>
    <ClInclude Include="include\FslBase\Span\SpanUtil_Vector.hpp">
      <Filter>Header Files</Filter>
    </ClInclude>
    <ClInclude Include="include\FslBase\Span\TypedFlexSpan.hpp">
      <Filter>Header Files</Filter>
    </ClInclude>
    <ClInclude Include="include\FslBase\Span\TypedFlexSpanUtil.hpp">
      <Filter>Header Files</Filter>
    </ClInclude>
    <ClInclude Include="include\FslBase\String\CStringPointer.hpp">
      <Filter>Header Files</Filter>
    </ClInclude>
    <ClInclude Include="include\FslBase\String\CStringUtil.hpp">
      <Filter>Header Files</Filter>
    </ClInclude>
    <ClInclude Include="include\FslBase\String\CStringUtil_Length.hpp">
      <Filter>Header Files</Filter>
    </ClInclude>
    <ClInclude Include="include\FslBase\String\CStringUtil_NotNullPtr.hpp">
      <Filter>Header Files</Filter>
    </ClInclude>
    <ClInclude Include="include\FslBase\String\CStringView.hpp">
      <Filter>Header Files</Filter>
    </ClInclude>
    <ClInclude Include="include\FslBase\String\CStringViewUtil.hpp">
      <Filter>Header Files</Filter>
    </ClInclude>
    <ClInclude Include="include\FslBase\String\StringCompat.hpp">
      <Filter>Header Files</Filter>
    </ClInclude>
    <ClInclude Include="include\FslBase\String\StringDateUtil.hpp">
      <Filter>Header Files</Filter>
    </ClInclude>
    <ClInclude Include="include\FslBase\String\StringParseArrayResult.hpp">
      <Filter>Header Files</Filter>
    </ClInclude>
    <ClInclude Include="include\FslBase\String\StringParseUtil.hpp">
      <Filter>Header Files</Filter>
    </ClInclude>
    <ClInclude Include="include\FslBase\String\StringToValue.hpp">
      <Filter>Header Files</Filter>
    </ClInclude>
    <ClInclude Include="include\FslBase\String\StringUtil.hpp">
      <Filter>Header Files</Filter>
    </ClInclude>
    <ClInclude Include="include\FslBase\String\StringViewLite.hpp">
      <Filter>Header Files</Filter>
    </ClInclude>
    <ClInclude Include="include\FslBase\String\StringViewLiteArrayUtil.hpp">
      <Filter>Header Files</Filter>
    </ClInclude>
    <ClInclude Include="include\FslBase\String\StringViewLiteUtil.hpp">
      <Filter>Header Files</Filter>
    </ClInclude>
    <ClInclude Include="include\FslBase\String\StringViewUtil.hpp">
      <Filter>Header Files</Filter>
    </ClInclude>
    <ClInclude Include="include\FslBase\String\ToString.hpp">
      <Filter>Header Files</Filter>
    </ClInclude>
    <ClInclude Include="include\FslBase\String\ToVector.hpp">
      <Filter>Header Files</Filter>
    </ClInclude>
    <ClInclude Include="include\FslBase\String\UTF8String.hpp">
      <Filter>Header Files</Filter>
    </ClInclude>
    <ClInclude Include="include\FslBase\System\BasicPerformanceCapture.hpp">
      <Filter>Header Files</Filter>
    </ClInclude>
    <ClInclude Include="include\FslBase\System\HighResolutionTimer.hpp">
      <Filter>Header Files</Filter>
    </ClInclude>
    <ClInclude Include="include\FslBase\System\HighResolutionTimerUtil.hpp">
      <Filter>Header Files</Filter>
    </ClInclude>
    <ClInclude Include="include\FslBase\System\IThreadContext.hpp">
      <Filter>Header Files</Filter>
    </ClInclude>
    <ClInclude Include="include\FslBase\System\PerformanceCounter.hpp">
      <Filter>Header Files</Filter>
    </ClInclude>
    <ClInclude Include="include\FslBase\System\Platform\All\ScopedSystemMemoryAccessDummy.hpp">
      <Filter>Header Files</Filter>
    </ClInclude>
    <ClInclude Include="include\FslBase\System\Platform\Linux\ScopedSystemMemoryAccessLinux.hpp">
      <Filter>Header Files</Filter>
    </ClInclude>
    <ClInclude Include="include\FslBase\System\Platform\PlatformFileSystem.hpp">
      <Filter>Header Files</Filter>
    </ClInclude>
    <ClInclude Include="include\FslBase\System\Platform\PlatformPathTransform.hpp">
      <Filter>Header Files</Filter>
    </ClInclude>
    <ClInclude Include="include\FslBase\System\Platform\PlatformThread.hpp">
      <Filter>Header Files</Filter>
    </ClInclude>
    <ClInclude Include="include\FslBase\System\Platform\PlatformWin32.hpp">
      <Filter>Header Files</Filter>
    </ClInclude>
    <ClInclude Include="include\FslBase\System\Platform\QNX\ScopedSystemMemoryAccessQNX.hpp">
      <Filter>Header Files</Filter>
    </ClInclude>
    <ClInclude Include="include\FslBase\System\Platform\ScopedSystemMemoryAccess.hpp">
      <Filter>Header Files</Filter>
    </ClInclude>
    <ClInclude Include="include\FslBase\System\Platform\SystemMemoryAccess.hpp">
      <Filter>Header Files</Filter>
    </ClInclude>
    <ClInclude Include="include\FslBase\System\Threading\Thread.hpp">
      <Filter>Header Files</Filter>
    </ClInclude>
    <ClInclude Include="include\FslBase\Time\MillisecondTickCount32.hpp">
      <Filter>Header Files</Filter>
    </ClInclude>
    <ClInclude Include="include\FslBase\Time\TickCount.hpp">
      <Filter>Header Files</Filter>
    </ClInclude>
    <ClInclude Include="include\FslBase\Time\TimeSpan.hpp">
      <Filter>Header Files</Filter>
    </ClInclude>
    <ClInclude Include="include\FslBase\Time\TimeSpanUtil.hpp">
      <Filter>Header Files</Filter>
    </ClInclude>
    <ClInclude Include="include\FslBase\Transition\EasingFunction.hpp">
      <Filter>Header Files</Filter>
    </ClInclude>
    <ClInclude Include="include\FslBase\Transition\EasingFunctionUtil.hpp">
      <Filter>Header Files</Filter>
    </ClInclude>
    <ClInclude Include="include\FslBase\Transition\TransitionDpPoint2F.hpp">
      <Filter>Header Files</Filter>
    </ClInclude>
    <ClInclude Include="include\FslBase\Transition\TransitionPxRectangle.hpp">
      <Filter>Header Files</Filter>
    </ClInclude>
    <ClInclude Include="include\FslBase\Transition\TransitionPxVector2.hpp">
      <Filter>Header Files</Filter>
    </ClInclude>
    <ClInclude Include="include\FslBase\Transition\TransitionState.hpp">
      <Filter>Header Files</Filter>
    </ClInclude>
    <ClInclude Include="include\FslBase\Transition\TransitionTimeSpanHelper.hpp">
      <Filter>Header Files</Filter>
    </ClInclude>
    <ClInclude Include="include\FslBase\Transition\TransitionTimeUnit.hpp">
      <Filter>Header Files</Filter>
    </ClInclude>
    <ClInclude Include="include\FslBase\Transition\TransitionType.hpp">
      <Filter>Header Files</Filter>
    </ClInclude>
    <ClInclude Include="include\FslBase\Transition\TransitionValue.hpp">
      <Filter>Header Files</Filter>
    </ClInclude>
    <ClInclude Include="include\FslBase\Transition\TransitionVector2.hpp">
      <Filter>Header Files</Filter>
    </ClInclude>
    <ClInclude Include="include\FslBase\TypeAlignmentUtil.hpp">
      <Filter>Header Files</Filter>
    </ClInclude>
    <ClInclude Include="include\FslBase\TypeConverter.hpp">
      <Filter>Header Files</Filter>
    </ClInclude>
    <ClInclude Include="include\FslBase\UncheckedNumericCast.hpp">
      <Filter>Header Files</Filter>
    </ClInclude>
    <ClInclude Include="include\FslBase\VersionInfo.hpp">
      <Filter>Header Files</Filter>
    </ClInclude>
    <ClInclude Include="include\FslBase\VersionInfo2.hpp">
      <Filter>Header Files</Filter>
    </ClInclude>
    <ClInclude Include="source\FslBase\Getopt\OptionRecord.hpp">
      <Filter>Header Files</Filter>
    </ClInclude>
    <ClInclude Include="source\FslBase\Math\MatrixInternals.hpp">
      <Filter>Header Files</Filter>
    </ClInclude>
    <ClInclude Include="source\FslBase\System\Platform\Platform.hpp">
      <Filter>Header Files</Filter>
    </ClInclude>
    <ClInclude Include="source\FslBase\System\Platform\PlatformPerformanceCounter.hpp">
      <Filter>Header Files</Filter>
    </ClInclude>
    <ClInclude Include="include\RAIIGen\Capture.hpp">
      <Filter>Header Files</Filter>
    </ClInclude>
    <ClInclude Include="include\RAIIGen\FunctionRecord.hpp">
      <Filter>Header Files</Filter>
    </ClInclude>
    <ClInclude Include="include\RAIIGen\Generator\FunctionNamePair.hpp">
      <Filter>Header Files</Filter>
    </ClInclude>
    <ClInclude Include="include\RAIIGen\Generator\Generator.hpp">
      <Filter>Header Files</Filter>
    </ClInclude>
    <ClInclude Include="include\RAIIGen\Generator\MatchedFunctionPair.hpp">
      <Filter>Header Files</Filter>
    </ClInclude>
    <ClInclude Include="include\RAIIGen\Generator\MatchType.hpp">
      <Filter>Header Files</Filter>
    </ClInclude>
    <ClInclude Include="include\RAIIGen\Generator\VulkanGenerator.hpp">
      <Filter>Header Files</Filter>
    </ClInclude>
    <ClInclude Include="include\RAIIGen\ParameterRecord.hpp">
      <Filter>Header Files</Filter>
    </ClInclude>
    <ClInclude Include="include\RAIIGen\TypeRecord.hpp">
      <Filter>Header Files</Filter>
    </ClInclude>
    <ClInclude Include="include\RAIIGen\Generator\Simple\SimpleGenerator.hpp">
      <Filter>Header Files</Filter>
    </ClInclude>
    <ClInclude Include="include\RAIIGen\Generator\GeneratorConfig.hpp">
      <Filter>Header Files</Filter>
    </ClInclude>
    <ClInclude Include="include\RAIIGen\Generator\Simple\SimpleGeneratorConfig.hpp">
      <Filter>Header Files</Filter>
    </ClInclude>
    <ClInclude Include="include\RAIIGen\Generator\OpenCLGenerator.hpp">
      <Filter>Header Files</Filter>
    </ClInclude>
    <ClInclude Include="include\RAIIGen\CaseUtil.hpp">
      <Filter>Header Files</Filter>
    </ClInclude>
    <ClInclude Include="include\RAIIGen\CaptureConfig.hpp">
      <Filter>Header Files</Filter>
    </ClInclude>
    <ClInclude Include="include\RAIIGen\ParameterType.hpp">
      <Filter>Header Files</Filter>
    </ClInclude>
    <ClInclude Include="include\RAIIGen\StringHelper.hpp">
      <Filter>Header Files</Filter>
    </ClInclude>
    <ClInclude Include="include\RAIIGen\DuplicatedParameterName.hpp">
      <Filter>Header Files</Filter>
    </ClInclude>
    <ClInclude Include="include\RAIIGen\FunctionErrors.hpp">
      <Filter>Header Files</Filter>
    </ClInclude>
    <ClInclude Include="include\RAIIGen\FunctionParameterNameOverride.hpp">
      <Filter>Header Files</Filter>
    </ClInclude>
    <ClInclude Include="include\RAIIGen\Generator\OpenVXGenerator.hpp">
      <Filter>Header Files</Filter>
    </ClInclude>
    <ClInclude Include="include\RAIIGen\Generator\FunctionAnalysis.hpp">
      <Filter>Header Files</Filter>
    </ClInclude>
    <ClInclude Include="include\RAIIGen\Generator\ClassFunctionAbsorb.hpp">
      <Filter>Header Files</Filter>
    </ClInclude>
    <ClInclude Include="include\RAIIGen\Generator\BasicConfig.hpp">
      <Filter>Header Files</Filter>
    </ClInclude>
    <ClInclude Include="include\RAIIGen\FunctionParameterTypeOverride.hpp">
      <Filter>Header Files</Filter>
    </ClInclude>
    <ClInclude Include="include\RAIIGen\ProgramInfo.hpp">
      <Filter>Header Files</Filter>
    </ClInclude>
    <ClInclude Include="include\RAIIGen\Generator\OpenGLESGenerator.hpp">
      <Filter>Header Files</Filter>
    </ClInclude>
    <ClInclude Include="include\RAIIGen\ClangInfoDump.hpp">
      <Filter>Header Files</Filter>
    </ClInclude>
    <ClInclude Include="include\RAIIGen\ClangUtil.hpp">
      <Filter>Header Files</Filter>
    </ClInclude>
    <ClInclude Include="include\RAIIGen\MemberRecord.hpp">
      <Filter>Header Files</Filter>
    </ClInclude>
    <ClInclude Include="include\RAIIGen\StructRecord.hpp">
      <Filter>Header Files</Filter>
    </ClInclude>
    <ClInclude Include="include\RAIIGen\EnumMemberRecord.hpp">
      <Filter>Header Files</Filter>
    </ClInclude>
    <ClInclude Include="include\RAIIGen\EnumRecord.hpp">
      <Filter>Header Files</Filter>
    </ClInclude>
    <ClInclude Include="include\RAIIGen\Generator\RAIIClassCustomization.hpp">
      <Filter>Header Files</Filter>
    </ClInclude>
    <ClInclude Include="include\RAIIGen\Generator\Simple\Snippets.hpp">
      <Filter>Header Files</Filter>
    </ClInclude>
    <ClInclude Include="include\RAIIGen\Generator\Simple\AnalyzeMode.hpp">
      <Filter>Header Files</Filter>
    </ClInclude>
    <ClInclude Include="include\RAIIGen\Generator\Simple\GenerateMethodCode.hpp">
      <Filter>Header Files</Filter>
    </ClInclude>
    <ClInclude Include="include\RAIIGen\Generator\Simple\MemberVariable.hpp">
      <Filter>Header Files</Filter>
    </ClInclude>
    <ClInclude Include="include\RAIIGen\Generator\Simple\MethodArgument.hpp">
      <Filter>Header Files</Filter>
    </ClInclude>
    <ClInclude Include="include\RAIIGen\Generator\Simple\UnrollMode.hpp">
      <Filter>Header Files</Filter>
    </ClInclude>
    <ClInclude Include="include\RAIIGen\Generator\Simple\UnrolledStructMember.hpp">
      <Filter>Header Files</Filter>
    </ClInclude>
    <ClInclude Include="include\RAIIGen\Generator\Simple\UnrolledStruct.hpp">
      <Filter>Header Files</Filter>
    </ClInclude>
    <ClInclude Include="include\RAIIGen\Generator\Simple\UnrolledCreateMethod.hpp">
      <Filter>Header Files</Filter>
    </ClInclude>
    <ClInclude Include="include\RAIIGen\Generator\Simple\AnalysisResult.hpp">
      <Filter>Header Files</Filter>
    </ClInclude>
    <ClInclude Include="include\RAIIGen\Generator\Simple\FullAnalysis.hpp">
      <Filter>Header Files</Filter>
    </ClInclude>
    <ClInclude Include="include\RAIIGen\Generator\Simple\ParamInStruct.hpp">
      <Filter>Header Files</Filter>
    </ClInclude>
    <ClInclude Include="include\RAIIGen\Generator\SourceTemplateType.hpp">
      <Filter>Header Files</Filter>
    </ClInclude>
    <ClInclude Include="include\RAIIGen\Generator\Simple\Struct\StructSnippets.hpp">
      <Filter>Header Files</Filter>
    </ClInclude>
    <ClInclude Include="include\RAIIGen\Generator\Simple\Struct\CStructToCpp.hpp">
      <Filter>Header Files</Filter>
    </ClInclude>
    <ClInclude Include="include\RAIIGen\IOUtil.hpp">
      <Filter>Header Files</Filter>
    </ClInclude>
    <ClInclude Include="include\RAIIGen\Generator\Simple\Format\FormatToCpp.hpp">
      <Filter>Header Files</Filter>
    </ClInclude>
    <ClInclude Include="include\RAIIGen\Generator\RAIIClassMethodOverrides.hpp">
      <Filter>Header Files</Filter>
    </ClInclude>
    <ClInclude Include="include\RAIIGen\Generator\Simple\ClassMethod.hpp">
      <Filter>Header Files</Filter>
    </ClInclude>
    <ClInclude Include="include\RAIIGen\Generator\BlackListEntry.hpp">
      <Filter>Header Files</Filter>
    </ClInclude>
    <ClInclude Include="include\RAIIGen\Generator\FunctionGuard.hpp">
      <Filter>Header Files</Filter>
    </ClInclude>
    <ClInclude Include="include\RAIIGen\Generator\Simple\Enum\EnumToStringLookup.hpp">
      <Filter>Header Files</Filter>
    </ClInclude>
    <ClInclude Include="include\RAIIGen\Generator\Simple\Enum\EnumToStringSnippets.hpp">
      <Filter>Header Files</Filter>
    </ClInclude>
    <ClInclude Include="include\RAIIGen\Generator\ConfigUtil.hpp">
      <Filter>Header Files</Filter>
    </ClInclude>
    <ClInclude Include="include\RAIIGen\CustomLog.hpp">
      <Filter>Header Files</Filter>
    </ClInclude>
    <ClInclude Include="include\RAIIGen\CustomLogConsole.hpp">
      <Filter>Header Files</Filter>
    </ClInclude>
    <ClInclude Include="include\RAIIGen\ClangFileData.hpp">
      <Filter>Header Files</Filter>
    </ClInclude>
    <ClInclude Include="include\RAIIGen\CapturedData.hpp">
      <Filter>Header Files</Filter>
    </ClInclude>
    <ClInclude Include="include\RAIIGen\VersionRecord.hpp">
      <Filter>Header Files</Filter>
    </ClInclude>
    <ClInclude Include="include\fmt\args.h">
      <Filter>Header Files</Filter>
    </ClInclude>
    <ClInclude Include="include\fmt\base.h">
      <Filter>Header Files</Filter>
    </ClInclude>
    <ClInclude Include="include\fmt\chrono.h">
      <Filter>Header Files</Filter>
    </ClInclude>
    <ClInclude Include="include\fmt\color.h">
      <Filter>Header Files</Filter>
    </ClInclude>
    <ClInclude Include="include\fmt\compile.h">
      <Filter>Header Files</Filter>
    </ClInclude>
    <ClInclude Include="include\fmt\core.h">
      <Filter>Header Files</Filter>
    </ClInclude>
    <ClInclude Include="include\fmt\format-inl.h">
      <Filter>Header Files</Filter>
    </ClInclude>
    <ClInclude Include="include\fmt\format.h">
      <Filter>Header Files</Filter>
    </ClInclude>
    <ClInclude Include="include\fmt\os.h">
      <Filter>Header Files</Filter>
    </ClInclude>
    <ClInclude Include="include\fmt\ostream.h">
      <Filter>Header Files</Filter>
    </ClInclude>
    <ClInclude Include="include\fmt\printf.h">
      <Filter>Header Files</Filter>
    </ClInclude>
    <ClInclude Include="include\fmt\ranges.h">
      <Filter>Header Files</Filter>
    </ClInclude>
    <ClInclude Include="include\fmt\std.h">
      <Filter>Header Files</Filter>
    </ClInclude>
    <ClInclude Include="include\fmt\xchar.h">
      <Filter>Header Files</Filter>
    </ClInclude>
    <ClInclude Include="include\RAIIGen\Generator\Simple\VersionGuardConfig.hpp">
      <Filter>Header Files</Filter>
    </ClInclude>
  </ItemGroup>
  <ItemGroup>
    <ClCompile Include="source\FslBase\Arguments\ArgumentParser.cpp">
      <Filter>Source Files</Filter>
    </ClCompile>
    <ClCompile Include="source\FslBase\Arguments\ArgumentParserErrorStrings.cpp">
      <Filter>Source Files</Filter>
    </ClCompile>
    <ClCompile Include="source\FslBase\Arguments\Command.cpp">
      <Filter>Source Files</Filter>
    </ClCompile>
    <ClCompile Include="source\FslBase\Bits\ByteArrayUtil.cpp">
      <Filter>Source Files</Filter>
    </ClCompile>
    <ClCompile Include="source\FslBase\Compression\ValueCompression.cpp">
      <Filter>Source Files</Filter>
    </ClCompile>
    <ClCompile Include="source\FslBase\Debug\Math\DebugContainmentType.cpp">
      <Filter>Source Files</Filter>
    </ClCompile>
    <ClCompile Include="source\FslBase\Debug\Transition\DebugTransitionType.cpp">
      <Filter>Source Files</Filter>
    </ClCompile>
    <ClCompile Include="source\FslBase\Getopt\Option.cpp">
      <Filter>Source Files</Filter>
    </ClCompile>
    <ClCompile Include="source\FslBase\Getopt\OptionParser.cpp">
      <Filter>Source Files</Filter>
    </ClCompile>
    <ClCompile Include="source\FslBase\IO\Directory.cpp">
      <Filter>Source Files</Filter>
    </ClCompile>
    <ClCompile Include="source\FslBase\IO\File.cpp">
      <Filter>Source Files</Filter>
    </ClCompile>
    <ClCompile Include="source\FslBase\IO\Path.cpp">
      <Filter>Source Files</Filter>
    </ClCompile>
    <ClCompile Include="source\FslBase\IO\PathWatcher.cpp">
      <Filter>Source Files</Filter>
    </ClCompile>
    <ClCompile Include="source\FslBase\Log\Log3Fmt.cpp">
      <Filter>Source Files</Filter>
    </ClCompile>
    <ClCompile Include="source\FslBase\Log\Logger0.cpp">
      <Filter>Source Files</Filter>
    </ClCompile>
    <ClCompile Include="source\FslBase\Log\Logger1.cpp">
      <Filter>Source Files</Filter>
    </ClCompile>
    <ClCompile Include="source\FslBase\Math\BasicWindowMetrics.cpp">
      <Filter>Source Files</Filter>
    </ClCompile>
    <ClCompile Include="source\FslBase\Math\BoundingBox.cpp">
      <Filter>Source Files</Filter>
    </ClCompile>
    <ClCompile Include="source\FslBase\Math\BoundingFrustum.cpp">
      <Filter>Source Files</Filter>
    </ClCompile>
    <ClCompile Include="source\FslBase\Math\BoundingSphere.cpp">
      <Filter>Source Files</Filter>
    </ClCompile>
    <ClCompile Include="source\FslBase\Math\Dp\DpPoint2.cpp">
      <Filter>Source Files</Filter>
    </ClCompile>
    <ClCompile Include="source\FslBase\Math\Dp\DpPoint2F.cpp">
      <Filter>Source Files</Filter>
    </ClCompile>
    <ClCompile Include="source\FslBase\Math\Extent2D.cpp">
      <Filter>Source Files</Filter>
    </ClCompile>
    <ClCompile Include="source\FslBase\Math\Extent3D.cpp">
      <Filter>Source Files</Filter>
    </ClCompile>
    <ClCompile Include="source\FslBase\Math\MathHelper_CalcOptimalSize.cpp">
      <Filter>Source Files</Filter>
    </ClCompile>
    <ClCompile Include="source\FslBase\Math\Matrix.cpp">
      <Filter>Source Files</Filter>
    </ClCompile>
    <ClCompile Include="source\FslBase\Math\Matrix3.cpp">
      <Filter>Source Files</Filter>
    </ClCompile>
    <ClCompile Include="source\FslBase\Math\Matrix3Std140.cpp">
      <Filter>Source Files</Filter>
    </ClCompile>
    <ClCompile Include="source\FslBase\Math\NineSlice.cpp">
      <Filter>Source Files</Filter>
    </ClCompile>
    <ClCompile Include="source\FslBase\Math\Plane.cpp">
      <Filter>Source Files</Filter>
    </ClCompile>
    <ClCompile Include="source\FslBase\Math\PlaneHelper.cpp">
      <Filter>Source Files</Filter>
    </ClCompile>
    <ClCompile Include="source\FslBase\Math\Quaternion.cpp">
      <Filter>Source Files</Filter>
    </ClCompile>
    <ClCompile Include="source\FslBase\Math\Ray.cpp">
      <Filter>Source Files</Filter>
    </ClCompile>
    <ClCompile Include="source\FslBase\Math\Rect.cpp">
      <Filter>Source Files</Filter>
    </ClCompile>
    <ClCompile Include="source\FslBase\Math\Rectangle2D.cpp">
      <Filter>Source Files</Filter>
    </ClCompile>
    <ClCompile Include="source\FslBase\Math\Rectangle3D.cpp">
      <Filter>Source Files</Filter>
    </ClCompile>
    <ClCompile Include="source\FslBase\Math\RectangleU.cpp">
      <Filter>Source Files</Filter>
    </ClCompile>
    <ClCompile Include="source\FslBase\Math\Vector2.cpp">
      <Filter>Source Files</Filter>
    </ClCompile>
    <ClCompile Include="source\FslBase\Math\Vector3.cpp">
      <Filter>Source Files</Filter>
    </ClCompile>
    <ClCompile Include="source\FslBase\Math\Vector4.cpp">
      <Filter>Source Files</Filter>
    </ClCompile>
    <ClCompile Include="source\FslBase\Math\Viewport.cpp">
      <Filter>Source Files</Filter>
    </ClCompile>
    <ClCompile Include="source\FslBase\Math\ViewportUtil.cpp">
      <Filter>Source Files</Filter>
    </ClCompile>
    <ClCompile Include="source\FslBase\String\StringDateUtil.cpp">
      <Filter>Source Files</Filter>
    </ClCompile>
    <ClCompile Include="source\FslBase\String\StringParseUtil.cpp">
      <Filter>Source Files</Filter>
    </ClCompile>
    <ClCompile Include="source\FslBase\String\StringToValue.cpp">
      <Filter>Source Files</Filter>
    </ClCompile>
    <ClCompile Include="source\FslBase\String\StringUtil.cpp">
      <Filter>Source Files</Filter>
    </ClCompile>
    <ClCompile Include="source\FslBase\String\UTF8String.cpp">
      <Filter>Source Files</Filter>
    </ClCompile>
    <ClCompile Include="source\FslBase\System\HighResolutionTimer.cpp">
      <Filter>Source Files</Filter>
    </ClCompile>
    <ClCompile Include="source\FslBase\System\HighResolutionTimerUtil.cpp">
      <Filter>Source Files</Filter>
    </ClCompile>
    <ClCompile Include="source\FslBase\System\PerformanceCounter.cpp">
      <Filter>Source Files</Filter>
    </ClCompile>
    <ClCompile Include="source\FslBase\System\Platform\All\ScopedSystemMemoryAccessDummy.cpp">
      <Filter>Source Files</Filter>
    </ClCompile>
    <ClCompile Include="source\FslBase\System\Platform\CPP11\PlatformThreadCPP11.cpp">
      <Filter>Source Files</Filter>
    </ClCompile>
    <ClCompile Include="source\FslBase\System\Platform\Linux\PlatformFileSystemLinux.cpp">
      <Filter>Source Files</Filter>
    </ClCompile>
    <ClCompile Include="source\FslBase\System\Platform\Linux\ScopedSystemMemoryAccessLinux.cpp">
      <Filter>Source Files</Filter>
    </ClCompile>
    <ClCompile Include="source\FslBase\System\Platform\NotSupported\PlatformThreadNotSupported.cpp">
      <Filter>Source Files</Filter>
    </ClCompile>
    <ClCompile Include="source\FslBase\System\Platform\PlatformLinux.cpp">
      <Filter>Source Files</Filter>
    </ClCompile>
    <ClCompile Include="source\FslBase\System\Platform\PlatformQNX.cpp">
      <Filter>Source Files</Filter>
    </ClCompile>
    <ClCompile Include="source\FslBase\System\Platform\PlatformWin32.cpp">
      <Filter>Source Files</Filter>
    </ClCompile>
    <ClCompile Include="source\FslBase\System\Platform\pthread\PlatformThreadPThread.cpp">
      <Filter>Source Files</Filter>
    </ClCompile>
    <ClCompile Include="source\FslBase\System\Platform\QNX\PlatformFileSystemQNX.cpp">
      <Filter>Source Files</Filter>
    </ClCompile>
    <ClCompile Include="source\FslBase\System\Platform\QNX\ScopedSystemMemoryAccessQNX.cpp">
      <Filter>Source Files</Filter>
    </ClCompile>
    <ClCompile Include="source\FslBase\System\Platform\SystemMemoryAccess.cpp">
      <Filter>Source Files</Filter>
    </ClCompile>
    <ClCompile Include="source\FslBase\System\Platform\Win32\PlatformFileSystemWin32.cpp">
      <Filter>Source Files</Filter>
    </ClCompile>
    <ClCompile Include="source\FslBase\System\Threading\Thread.cpp">
      <Filter>Source Files</Filter>
    </ClCompile>
    <ClCompile Include="source\FslBase\Transition\EasingFunctionUtil.cpp">
      <Filter>Source Files</Filter>
    </ClCompile>
    <ClCompile Include="source\FslBase\Transition\TransitionDpPoint2F.cpp">
      <Filter>Source Files</Filter>
    </ClCompile>
    <ClCompile Include="source\FslBase\Transition\TransitionPxRectangle.cpp">
      <Filter>Source Files</Filter>
    </ClCompile>
    <ClCompile Include="source\FslBase\Transition\TransitionPxVector2.cpp">
      <Filter>Source Files</Filter>
    </ClCompile>
    <ClCompile Include="source\FslBase\Transition\TransitionValue.cpp">
      <Filter>Source Files</Filter>
    </ClCompile>
    <ClCompile Include="source\FslBase\Transition\TransitionVector2.cpp">
      <Filter>Source Files</Filter>
    </ClCompile>
    <ClCompile Include="source\RAIIGen\Capture.cpp">
      <Filter>Source Files</Filter>
    </ClCompile>
    <ClCompile Include="source\RAIIGen\Generator\Generator.cpp">
      <Filter>Source Files</Filter>
    </ClCompile>
    <ClCompile Include="source\RAIIGen\Generator\VulkanGenerator.cpp">
      <Filter>Source Files</Filter>
    </ClCompile>
    <ClCompile Include="source\RAIIGen\Main.cpp">
      <Filter>Source Files</Filter>
    </ClCompile>
    <ClCompile Include="source\RAIIGen\Generator\Simple\SimpleGenerator.cpp">
      <Filter>Source Files</Filter>
    </ClCompile>
    <ClCompile Include="source\RAIIGen\Generator\OpenCLGenerator.cpp">
      <Filter>Source Files</Filter>
    </ClCompile>
    <ClCompile Include="source\RAIIGen\CaseUtil.cpp">
      <Filter>Source Files</Filter>
    </ClCompile>
    <ClCompile Include="source\RAIIGen\StringHelper.cpp">
      <Filter>Source Files</Filter>
    </ClCompile>
    <ClCompile Include="source\RAIIGen\Generator\OpenVXGenerator.cpp">
      <Filter>Source Files</Filter>
    </ClCompile>
    <ClCompile Include="source\RAIIGen\Generator\OpenGLESGenerator.cpp">
      <Filter>Source Files</Filter>
    </ClCompile>
    <ClCompile Include="source\RAIIGen\ClangInfoDump.cpp">
      <Filter>Source Files</Filter>
    </ClCompile>
    <ClCompile Include="source\RAIIGen\Generator\Simple\Struct\CStructToCpp.cpp">
      <Filter>Source Files</Filter>
    </ClCompile>
    <ClCompile Include="source\RAIIGen\IOUtil.cpp">
      <Filter>Source Files</Filter>
    </ClCompile>
    <ClCompile Include="source\RAIIGen\Generator\Simple\Format\FormatToCpp.cpp">
      <Filter>Source Files</Filter>
    </ClCompile>
    <ClCompile Include="source\RAIIGen\Generator\Simple\Enum\EnumToStringLookup.cpp">
      <Filter>Source Files</Filter>
    </ClCompile>
    <ClCompile Include="source\fmt\format.cc">
      <Filter>Source Files</Filter>
    </ClCompile>
    <ClCompile Include="source\fmt\os.cc">
      <Filter>Source Files</Filter>
    </ClCompile>
  </ItemGroup>
</Project>