
Microsoft Visual Studio Solution File, Format Version 12.00
# Visual Studio Version 17
VisualStudioVersion = 16.0.28803.156
MinimumVisualStudioVersion = 10.0.40219.1
Project("{8BC9CEB8-8B4A-11D0-8D11-00A0C91BC942}") = "RAIIGen", "RAIIGen.vcxproj", "{A1DC7135-1F57-4F95-A030-A9EE643BA78C}"
EndProject
Global
	GlobalSection(SolutionConfigurationPlatforms) = preSolution
		Debug|x64 = Debug|x64
		Debug|x86 = Debug|x86
		Release|x64 = Release|x64
		Release|x86 = Release|x86
	EndGlobalSection
	GlobalSection(ProjectConfigurationPlatforms) = postSolution
		{A1DC7135-1F57-4F95-A030-A9EE643BA78C}.Debug|x64.ActiveCfg = Debug|x64
		{A1DC7135-1F57-4F95-A030-A9EE643BA78C}.Debug|x64.Build.0 = Debug|x64
		{A1DC7135-1F57-4F95-A030-A9EE643BA78C}.Debug|x86.ActiveCfg = Debug|x64
		{A1DC7135-1F57-4F95-A030-A9EE643BA78C}.Debug|x86.Build.0 = Debug|x64
		{A1DC7135-1F57-4F95-A030-A9EE643BA78C}.Release|x64.ActiveCfg = Release|x64
		{A1DC7135-1F57-4F95-A030-A9EE643BA78C}.Release|x64.Build.0 = Release|x64
		{A1DC7135-1F57-4F95-A030-A9EE643BA78C}.Release|x86.ActiveCfg = Release|Win32
		{A1DC7135-1F57-4F95-A030-A9EE643BA78C}.Release|x86.Build.0 = Release|Win32
	EndGlobalSection
	GlobalSection(SolutionProperties) = preSolution
		HideSolutionNode = FALSE
	EndGlobalSection
EndGlobal
